{
  "version": 4,
  "terraform_version": "1.14.6",
  "serial": 55,
  "lineage": "f13252ad-8aeb-b480-2197-92d16ea7a72c",
  "outputs": {
    "Counting_Instance_private_ip": {
      "value": "172.16.2.10",
      "type": "string"
    },
    "Dashboard_Instance_private_ip": {
      "value": "172.16.1.10",
      "type": "string"
    },
    "Dashboard_Instance_public_ip": {
      "value": "13.212.235.17",
      "type": "string"
    },
    "ssh_private_key": {
      "value": "/home/salai/.ssh/dashboard_counting_key_pair.pem",
      "type": "string"
    }
  },
  "resources": [
    {
      "mode": "data",
      "type": "http",
      "name": "my_ip",
      "provider": "provider[\"registry.terraform.io/hashicorp/http\"]",
      "instances": [
        {
          "schema_version": 0,
          "attributes": {
            "body": "116.89.17.84\n",
            "ca_cert_pem": null,
            "client_cert_pem": null,
            "client_key_pem": null,
            "id": "https://checkip.amazonaws.com/",
            "insecure": null,
            "method": null,
            "request_body": null,
            "request_headers": null,
            "request_timeout_ms": null,
            "response_body": "116.89.17.84\n",
            "response_body_base64": "MTE2Ljg5LjE3Ljg0Cg==",
            "response_headers": {
              "Content-Length": "13",
              "Content-Type": "text/plain;charset=UTF-8",
              "Date": "Sun, 29 Mar 2026 10:51:45 GMT",
              "Server": "nginx",
              "Vary": "Origin, Access-Control-Request-Method, Access-Control-Request-Headers"
            },
            "retry": null,
            "status_code": 200,
            "url": "https://checkip.amazonaws.com/"
          },
          "sensitive_attributes": [],
          "identity_schema_version": 0
        }
      ]
    },
    {
      "mode": "managed",
      "type": "aws_eip",
      "name": "eip_for_NAT_Gateway",
      "provider": "provider[\"registry.terraform.io/hashicorp/aws\"]",
      "instances": [
        {
          "schema_version": 0,
          "attributes": {
            "address": null,
            "allocation_id": "eipalloc-0b9c23ac1882efa25",
            "arn": "arn:aws:ec2:ap-southeast-1:290094381384:elastic-ip/eipalloc-0b9c23ac1882efa25",
            "associate_with_private_ip": null,
            "association_id": "",
            "carrier_ip": "",
            "customer_owned_ip": "",
            "customer_owned_ipv4_pool": "",
            "domain": "vpc",
            "id": "eipalloc-0b9c23ac1882efa25",
            "instance": "",
            "ipam_pool_id": null,
            "network_border_group": "ap-southeast-1",
            "network_interface": "",
            "private_dns": null,
            "private_ip": "",
            "ptr_record": "",
            "public_dns": "ec2-52-220-95-137.ap-southeast-1.compute.amazonaws.com",
            "public_ip": "52.220.95.137",
            "public_ipv4_pool": "amazon",
            "region": "ap-southeast-1",
            "tags": {
              "Name": "EIP for NAT Gateway"
            },
            "tags_all": {
              "Name": "EIP for NAT Gateway"
            },
            "timeouts": null
          },
          "sensitive_attributes": [],
          "identity_schema_version": 0,
          "private": "eyJlMmJmYjczMC1lY2FhLTExZTYtOGY4OC0zNDM2M2JjN2M0YzAiOnsiZGVsZXRlIjoxODAwMDAwMDAwMDAsInJlYWQiOjkwMDAwMDAwMDAwMCwidXBkYXRlIjozMDAwMDAwMDAwMDB9fQ=="
        }
      ]
    },
    {
      "mode": "managed",
      "type": "aws_instance",
      "name": "Counting_Instance",
      "provider": "provider[\"registry.terraform.io/hashicorp/aws\"]",
      "instances": [
        {
          "schema_version": 2,
          "attributes": {
            "ami": "ami-0be9cb9f67c8dabd6",
            "arn": "arn:aws:ec2:ap-southeast-1:290094381384:instance/i-0c2514cc44de97fa9",
            "associate_public_ip_address": false,
            "availability_zone": "ap-southeast-1b",
            "capacity_reservation_specification": [
              {
                "capacity_reservation_preference": "open",
                "capacity_reservation_target": []
              }
            ],
            "cpu_options": [
              {
                "amd_sev_snp": "",
                "core_count": 1,
                "nested_virtualization": "",
                "threads_per_core": 2
              }
            ],
            "credit_specification": [
              {
                "cpu_credits": "unlimited"
              }
            ],
            "disable_api_stop": false,
            "disable_api_termination": false,
            "ebs_block_device": [],
            "ebs_optimized": false,
            "enable_primary_ipv6": null,
            "enclave_options": [
              {
                "enabled": false
              }
            ],
            "ephemeral_block_device": [],
            "force_destroy": false,
            "get_password_data": false,
            "hibernation": false,
            "host_id": "",
            "host_resource_group_arn": null,
            "iam_instance_profile": "",
            "id": "i-0c2514cc44de97fa9",
            "instance_initiated_shutdown_behavior": "stop",
            "instance_lifecycle": "",
            "instance_market_options": [],
            "instance_state": "running",
            "instance_type": "t3.micro",
            "ipv6_address_count": 0,
            "ipv6_addresses": [],
            "key_name": "dashboard_counting_key_pair",
            "launch_template": [],
            "maintenance_options": [
              {
                "auto_recovery": "default"
              }
            ],
            "metadata_options": [
              {
                "http_endpoint": "enabled",
                "http_protocol_ipv6": "disabled",
                "http_put_response_hop_limit": 2,
                "http_tokens": "required",
                "instance_metadata_tags": "disabled"
              }
            ],
            "monitoring": false,
            "network_interface": [],
            "outpost_arn": "",
            "password_data": "",
            "placement_group": "",
            "placement_group_id": "",
            "placement_partition_number": 0,
            "primary_network_interface": [
              {
                "delete_on_termination": true,
                "network_interface_id": "eni-049449c4b7c3ab053"
              }
            ],
            "primary_network_interface_id": "eni-049449c4b7c3ab053",
            "private_dns": "ip-172-16-2-10.ap-southeast-1.compute.internal",
            "private_dns_name_options": [
              {
                "enable_resource_name_dns_a_record": false,
                "enable_resource_name_dns_aaaa_record": false,
                "hostname_type": "ip-name"
              }
            ],
            "private_ip": "172.16.2.10",
            "public_dns": "",
            "public_ip": "",
            "region": "ap-southeast-1",
            "root_block_device": [
              {
                "delete_on_termination": true,
                "device_name": "/dev/xvda",
                "encrypted": false,
                "iops": 3000,
                "kms_key_id": "",
                "tags": {},
                "tags_all": {},
                "throughput": 125,
                "volume_id": "vol-0a3223e32dcc34526",
                "volume_size": 8,
                "volume_type": "gp3"
              }
            ],
            "secondary_network_interface": [],
            "secondary_private_ips": [],
            "security_groups": [],
            "source_dest_check": true,
            "spot_instance_request_id": "",
            "subnet_id": "subnet-0ae6d6847d9e59606",
            "tags": {
              "Name": "Counting Service"
            },
            "tags_all": {
              "Name": "Counting Service"
            },
            "tenancy": "default",
            "timeouts": null,
            "user_data": "#!/bin/bash\nset -e\n\napt-get update -y\napt-get install -y curl unzip\n\n# Download Counting binary\ncurl -L https://github.com/hashicorp/demo-consul-101/releases/download/v0.0.5/counting-service_linux_amd64.zip \\\n  -o /tmp/counting.zip\ncd /tmp \u0026\u0026 unzip -o counting.zip\nmv /tmp/counting-service_linux_amd64 /usr/local/bin/counting-service\nchmod +x /usr/local/bin/counting-service\n\n# Create systemd service\ncat \u003c\u003c'SERVICE' \u003e /etc/systemd/system/counting.service\n[Unit]\nDescription=Counting Service\nAfter=network.target\n\n[Service]\nEnvironment=\"PORT=9003\"\nExecStart=/usr/local/bin/counting-service\nRestart=always\nRestartSec=5\n\n[Install]\nWantedBy=multi-user.target\nSERVICE\n\nsystemctl daemon-reload\nsystemctl enable --now counting\n",
            "user_data_base64": null,
            "user_data_replace_on_change": false,
            "volume_tags": null,
            "vpc_security_group_ids": [
              "sg-0f79a007bf7b2de29"
            ]
          },
          "sensitive_attributes": [],
          "identity_schema_version": 0,
          "identity": {
            "account_id": "290094381384",
            "id": "i-0c2514cc44de97fa9",
            "region": "ap-southeast-1"
          },
          "private": "eyJlMmJmYjczMC1lY2FhLTExZTYtOGY4OC0zNDM2M2JjN2M0YzAiOnsiY3JlYXRlIjo2MDAwMDAwMDAwMDAsImRlbGV0ZSI6MTIwMDAwMDAwMDAwMCwicmVhZCI6OTAwMDAwMDAwMDAwLCJ1cGRhdGUiOjYwMDAwMDAwMDAwMH0sInNjaGVtYV92ZXJzaW9uIjoiMiJ9",
          "dependencies": [
            "aws_key_pair.dashboard_counting_key_pair",
            "aws_security_group.Security_Group_for_Counting",
            "aws_security_group.Security_Group_for_Dashboard",
            "aws_subnet.Private_Subnet_for_Counting",
            "aws_vpc.Dashboard_Counting_App_VPC",
            "data.http.my_ip",
            "tls_private_key.dashboard_counting_key_pair"
          ]
        }
      ]
    },
    {
      "mode": "managed",
      "type": "aws_instance",
      "name": "Dashboard_Instance",
      "provider": "provider[\"registry.terraform.io/hashicorp/aws\"]",
      "instances": [
        {
          "schema_version": 2,
          "attributes": {
            "ami": "ami-0be9cb9f67c8dabd6",
            "arn": "arn:aws:ec2:ap-southeast-1:290094381384:instance/i-005d23528394e077f",
            "associate_public_ip_address": true,
            "availability_zone": "ap-southeast-1a",
            "capacity_reservation_specification": [
              {
                "capacity_reservation_preference": "open",
                "capacity_reservation_target": []
              }
            ],
            "cpu_options": [
              {
                "amd_sev_snp": "",
                "core_count": 1,
                "nested_virtualization": "",
                "threads_per_core": 2
              }
            ],
            "credit_specification": [
              {
                "cpu_credits": "unlimited"
              }
            ],
            "disable_api_stop": false,
            "disable_api_termination": false,
            "ebs_block_device": [],
            "ebs_optimized": false,
            "enable_primary_ipv6": null,
            "enclave_options": [
              {
                "enabled": false
              }
            ],
            "ephemeral_block_device": [],
            "force_destroy": false,
            "get_password_data": false,
            "hibernation": false,
            "host_id": "",
            "host_resource_group_arn": null,
            "iam_instance_profile": "",
            "id": "i-005d23528394e077f",
            "instance_initiated_shutdown_behavior": "stop",
            "instance_lifecycle": "",
            "instance_market_options": [],
            "instance_state": "running",
            "instance_type": "t3.micro",
            "ipv6_address_count": 0,
            "ipv6_addresses": [],
            "key_name": "dashboard_counting_key_pair",
            "launch_template": [],
            "maintenance_options": [
              {
                "auto_recovery": "default"
              }
            ],
            "metadata_options": [
              {
                "http_endpoint": "enabled",
                "http_protocol_ipv6": "disabled",
                "http_put_response_hop_limit": 2,
                "http_tokens": "required",
                "instance_metadata_tags": "disabled"
              }
            ],
            "monitoring": false,
            "network_interface": [],
            "outpost_arn": "",
            "password_data": "",
            "placement_group": "",
            "placement_group_id": "",
            "placement_partition_number": 0,
            "primary_network_interface": [
              {
                "delete_on_termination": true,
                "network_interface_id": "eni-05653bff9ddf5fb89"
              }
            ],
            "primary_network_interface_id": "eni-05653bff9ddf5fb89",
            "private_dns": "ip-172-16-1-10.ap-southeast-1.compute.internal",
            "private_dns_name_options": [
              {
                "enable_resource_name_dns_a_record": false,
                "enable_resource_name_dns_aaaa_record": false,
                "hostname_type": "ip-name"
              }
            ],
            "private_ip": "172.16.1.10",
            "public_dns": "ec2-13-212-235-17.ap-southeast-1.compute.amazonaws.com",
            "public_ip": "13.212.235.17",
            "region": "ap-southeast-1",
            "root_block_device": [
              {
                "delete_on_termination": true,
                "device_name": "/dev/xvda",
                "encrypted": false,
                "iops": 3000,
                "kms_key_id": "",
                "tags": {},
                "tags_all": {},
                "throughput": 125,
                "volume_id": "vol-069dfa665231d44ae",
                "volume_size": 8,
                "volume_type": "gp3"
              }
            ],
            "secondary_network_interface": [],
            "secondary_private_ips": [],
            "security_groups": [],
            "source_dest_check": true,
            "spot_instance_request_id": "",
            "subnet_id": "subnet-06cd2c59d7a3ea87b",
            "tags": {
              "Name": "Dashboard Service"
            },
            "tags_all": {
              "Name": "Dashboard Service"
            },
            "tenancy": "default",
            "timeouts": null,
            "user_data": "#!/bin/bash\nset -e\n\n# Ubuntu uses apt\napt-get update -y\napt-get install -y unzip curl\n\n# Download Dashboard binary\ncurl -L https://github.com/hashicorp/demo-consul-101/releases/download/v0.0.5/dashboard-service_linux_amd64.zip \\\n  -o /tmp/dashboard.zip\ncd /tmp \u0026\u0026 unzip -o dashboard.zip\nmv /tmp/dashboard-service_linux_amd64 /usr/local/bin/dashboard-service\nchmod +x /usr/local/bin/dashboard-service\n\n# Create systemd service\ncat \u003c\u003c'SERVICE' \u003e /etc/systemd/system/dashboard.service\n[Unit]\nDescription=Dashboard Service\nAfter=network.target\n\n[Service]\nEnvironment=\"PORT=9002\"\nEnvironment=\"COUNTING_SERVICE_URL=http://172.16.2.10:9003\"\nExecStart=/usr/local/bin/dashboard-service\nRestart=always\nRestartSec=5\n\n[Install]\nWantedBy=multi-user.target\nSERVICE\n\nsystemctl daemon-reload\nsystemctl enable --now dashboard\n\n# Copy private key so Dashboard EC2 can SSH into Counting EC2\nmkdir -p /home/ubuntu/.ssh\necho \"-----BEGIN RSA PRIVATE KEY-----\nMIIJKQIBAAKCAgEA6Vw94k3W01+edpVPL5hWdbZEJyigmTFXfF2I74qwGdPBXLo5\ndcQmkGq0ofbyGJVD1SjFhYci31jLkL3XBUWNCGRU5hjfl5f4FBpr3KBR+SZyN2rg\nTBR9tPqvpFGlq0n3Ip9jRxjOqQclTvHwZL6aY8tJLCOSOLkdOGz5kJBEV6+iwBtJ\nlIKZ5rZQxCufHMjU5L/Wp4P9akAuvpvVY9j3P+HLuboWJJZfhTTT5VtDIKxzTeUV\n7tVCIKQ4hLlmTauGR7gWQrCvpoIMm/W6GxzBHI65lVpS3t7r9l08zjI3011zJuWy\nWI2OOM0TaPVSSYZ4Z0/PGH3QirPwrwSMsw/WQfWuPRlYFvjBUxNf4msbyqu0RwyE\nPut6LzCttS8t7sJFTsWLpnF58mWdT60eH7Y9kOQaCGkAMjYLjP0BK32A3cu5UWGc\nZTkzqebCtaD3wM6gAU7gVqOmVWS5F9t7ZyBAawYf6Y7mj8Ul5ik2XRnkzDrnLLnp\nAnp9CC6wem1Tfny6b59eKIwNzWx6Afn70l4l+DsbXtp7VSnt8G1GY2mGtVbRFw70\nJ5UaYdQMNbSkDoF9klJFPEx//mfuD2ndVaexPsvsXpjiyr+hjDNclDkpl7p87XIe\nP7ttLkgYLz6kbTnfziDzyh/RKGFbABAXEzjtSWxojEjdbrKSBbS+G1y8mcMCAwEA\nAQKCAgASnDcZNaD0wXLnPRgQESOQBqWfw9cu8GbsNZ9mjxZlMOSCSx2q/SYgLUpT\nglijSkAbH0HFWNYYnsG5PNKJipbpPOsiYIhwU//GRqckdKqk5oKEVeMmXhn6VWWt\ngo9mPiNV4QUvVdShWT8J8TR9LFAutjcTLJEMMgMZDWPHuiGhJpIhpOt0yweQBSki\nw+HQD1ofFgd924JZt12i+NWHPXXWY+D14lfCujVK78AYUfNkByy44RSjM+GurboO\nJ6T3e77dOFqaHfIcItHznCCn6d6isuUs+oOSX4/M2XmwbgPSuOimiPn0ovFdKUmr\nfKj/0RgIES7QYrQ/Y4NFyeSYoSIygG53ctNMmYcaidY3dyf2vJanVHGXQQh8+xYG\n36SnCwt0126LTbvYW92DYf6EqsUSNBvYdyF0A0nfejHBJiWikFYRWzzDhS4qdABw\nzMPv/h+AXEpwwcnoYBqYAmJPhxJR40Uaoa23SWaRVdHOJpBGU0s6M4HGrkGp0k6r\nJ6ewthf/cjpTomnDB6P3DSQ/vMNrgirb7vl08qXD4J12Nf3jEeyHH5BTHz9ftydU\nvu53J4racFqN7eQP7Gr+RdqnpBllVg/xDa2xl45EiyAgxV9IyntMpmBJ/xIetGq9\naWTgdr1b+ajcxpBU+REo5mTeW0ksoRjPWmK0rq9Sqdy1FAZnxQKCAQEA/HvuvaTN\nPAgE3SgNKUhThsAy70WuuO55ioKgsoji+34PevBsafhk2zLs6w32rvU55ZJMAMpt\niqPCdqsHjkaL/vd/oRI5dTx+cH7ei5ljVHTqrcbp7oZz8OhVq1wFnw1+qt7x0FTu\nE9qMbmJoYZtfkO2S5r8moqJFfwuFAluEgX4dpcc8vCFfdM6UTaYIMISYoO80oPAo\nh03XdWoVak4Yc2FnBba/nuP+B1qRVmjRZEigEj3Nnbbm7+bJa1QYmVNFgVeP96sF\n1GJWzbzq8SaO2si8EwEu0bgPY3aUtm5jeBZEsqvT5+OSP5STvhhRZ3I5KWecIIn3\nn1nCMz9RC+1W7QKCAQEA7JwiwCxMtYN/GQ/TOwutMUcOgEnFMGDyxiDLxBtgFn7C\nvOKOYsArtwstwpUQDvYA+XuVwxk6zN161EEPyJeeSQpTlhEzCrvx7OcOGoyKrxF4\n2MBsbUkdYVngMKVMt8u/F+35WNFoIk0NpKHymHoqiTqAS1C9mIFK53V5KUriNiyY\nZhgKzjbb9ZzY3Pux4gt0DC7BiSS1p6j2PxZISv19VE79i1YbpUV0D1rgesbtw6T3\nlDQW3Lrx+YnllRVM45rPweLBRslaOcuI4/yVZRqccOdx+BWtGKAxNdH7HckP37kw\n68EYaTKl6KgUtwFwVKBRXm+jUi1z0rxfkB9aevVtbwKCAQEAlMEfw7PZB0liNDpo\npq3qKDYMzFQtwN8f1K9ppkZoFOwMis4j0bt7EHpMg6BSenoYhl1PUhfxugEJjYju\nhrChwrJnC6sFF0Fw7S6SR4UztIq9yWysXs/wdzsrXi51UWROALYhmjCvpBrbKh3o\niblU8LpIFpMAXElm0Jck4mKxCuoW5Zkg+2ZeKx+a2LS9lnhIxGiqhTd5aV4/VvoN\na/hfB3uXixJEi4SgIg0GG/bdh0wSoyyufAFKxoUenpGJfKxHAxFnzO+CG8NkiQqJ\nEVM6T0R9KmVEBGOBDYTL0T/wcswL5Yi+7JxzieorsY/6RgxSCUb2AWXH8qabeD4R\nrglDcQKCAQEAwzmIyrtCh7n50nnmNZ/KxQ/1/Q/hLauwZJ2Gw0Y7IBRzJVphVUVu\nTFdi6FwJpe6Am1jHFvToOUS9JgiQt1eyeF2W3glO7hpo4Kk8T9eKTizCY0VRsVJU\ndZCslDaveC8aeuoVhJ0zqKmfCim9euXB1vx4AqyZ4w06+oNI9zMcNsrQ69wGfmNx\nVdSWcq8R9Iqys6KYeUnawH1+wEroV0eUc03BkYf4w4Ls4gZ/lY4xe+3PgW8BNhrh\nsJ2A2mN6z4laxoUMKBXW5jzzs/kiYwtz7QxqUuG/ssPqFpgs9ESDXnr0zHDEbXgm\nwDJ+9Qiw4IJu4NaIETQDjutyhf34r9907QKCAQBuatDFgVqZAAau+7VAumHlmQbE\nPdvYmqZV6SWkisv4QI2AR6b7i4cMBv88pzOZWYb4Q6z7t0dAktZdlKPI6RrnLw7B\njjXwNZVbhx/KcQVv2OU0HOEeAI0s5HtB47N/wP04pRPs9AmcnCErXJShmn3YPcoE\nTidYknrHYRVJJ+Lb7XWgo6IBcr7NU4YjRJ9A0napSluswfu/pNrNNGBVDsePe75G\nls8uqFos+RbkxQ/so0yb8LtZKVfEuUUNhUWIO4suynP6oaklGHVGRURpUnqvFwLS\ntht0GetblZUKGF79IC7AxD2oUILXO/jdovRYncCTOSflUWjNqLqdW+KTjjTI\n-----END RSA PRIVATE KEY-----\n\" \\\n  \u003e /home/ubuntu/.ssh/dashboard_counting_key_pair.pem\nchmod 600 /home/ubuntu/.ssh/dashboard_counting_key_pair.pem\nchown ubuntu:ubuntu /home/ubuntu/.ssh/dashboard_counting_key_pair.pem\n",
            "user_data_base64": null,
            "user_data_replace_on_change": false,
            "volume_tags": null,
            "vpc_security_group_ids": [
              "sg-0f4f28d025c70ff26"
            ]
          },
          "sensitive_attributes": [
            [
              {
                "type": "get_attr",
                "value": "user_data"
              }
            ]
          ],
          "identity_schema_version": 0,
          "identity": {
            "account_id": "290094381384",
            "id": "i-005d23528394e077f",
            "region": "ap-southeast-1"
          },
          "private": "eyJlMmJmYjczMC1lY2FhLTExZTYtOGY4OC0zNDM2M2JjN2M0YzAiOnsiY3JlYXRlIjo2MDAwMDAwMDAwMDAsImRlbGV0ZSI6MTIwMDAwMDAwMDAwMCwicmVhZCI6OTAwMDAwMDAwMDAwLCJ1cGRhdGUiOjYwMDAwMDAwMDAwMH0sInNjaGVtYV92ZXJzaW9uIjoiMiJ9",
          "dependencies": [
            "aws_instance.Counting_Instance",
            "aws_key_pair.dashboard_counting_key_pair",
            "aws_security_group.Security_Group_for_Counting",
            "aws_security_group.Security_Group_for_Dashboard",
            "aws_subnet.Private_Subnet_for_Counting",
            "aws_subnet.Public_Subnet_for_Dashboard",
            "aws_vpc.Dashboard_Counting_App_VPC",
            "data.http.my_ip",
            "tls_private_key.dashboard_counting_key_pair"
          ]
        }
      ]
    },
    {
      "mode": "managed",
      "type": "aws_internet_gateway",
      "name": "igw",
      "provider": "provider[\"registry.terraform.io/hashicorp/aws\"]",
      "instances": [
        {
          "schema_version": 0,
          "attributes": {
            "arn": "arn:aws:ec2:ap-southeast-1:290094381384:internet-gateway/igw-063e88f0dab51d7fc",
            "id": "igw-063e88f0dab51d7fc",
            "owner_id": "290094381384",
            "region": "ap-southeast-1",
            "tags": {
              "Name": "Dashboard Counting App Internet Gateway"
            },
            "tags_all": {
              "Name": "Dashboard Counting App Internet Gateway"
            },
            "timeouts": null,
            "vpc_id": "vpc-008d0955a159362ac"
          },
          "sensitive_attributes": [],
          "identity_schema_version": 0,
          "private": "eyJlMmJmYjczMC1lY2FhLTExZTYtOGY4OC0zNDM2M2JjN2M0YzAiOnsiY3JlYXRlIjoxMjAwMDAwMDAwMDAwLCJkZWxldGUiOjEyMDAwMDAwMDAwMDAsInVwZGF0ZSI6MTIwMDAwMDAwMDAwMH19",
          "dependencies": [
            "aws_vpc.Dashboard_Counting_App_VPC"
          ]
        }
      ]
    },
    {
      "mode": "managed",
      "type": "aws_key_pair",
      "name": "dashboard_counting_key_pair",
      "provider": "provider[\"registry.terraform.io/hashicorp/aws\"]",
      "instances": [
        {
          "schema_version": 1,
          "attributes": {
            "arn": "arn:aws:ec2:ap-southeast-1:290094381384:key-pair/dashboard_counting_key_pair",
            "fingerprint": "20:11:d1:d6:a8:92:93:8b:bc:62:ea:64:3a:c6:d9:7a",
            "id": "dashboard_counting_key_pair",
            "key_name": "dashboard_counting_key_pair",
            "key_name_prefix": "",
            "key_pair_id": "key-0daf4f187746f2669",
            "key_type": "rsa",
            "public_key": "ssh-rsa AAAAB3NzaC1yc2EAAAADAQABAAACAQDpXD3iTdbTX552lU8vmFZ1tkQnKKCZMVd8XYjvirAZ08Fcujl1xCaQarSh9vIYlUPVKMWFhyLfWMuQvdcFRY0IZFTmGN+Xl/gUGmvcoFH5JnI3auBMFH20+q+kUaWrSfcin2NHGM6pByVO8fBkvppjy0ksI5I4uR04bPmQkERXr6LAG0mUgpnmtlDEK58cyNTkv9ang/1qQC6+m9Vj2Pc/4cu5uhYkll+FNNPlW0MgrHNN5RXu1UIgpDiEuWZNq4ZHuBZCsK+mggyb9bobHMEcjrmVWlLe3uv2XTzOMjfTXXMm5bJYjY44zRNo9VJJhnhnT88YfdCKs/CvBIyzD9ZB9a49GVgW+MFTE1/iaxvKq7RHDIQ+63ovMK21Ly3uwkVOxYumcXnyZZ1PrR4ftj2Q5BoIaQAyNguM/QErfYDdy7lRYZxlOTOp5sK1oPfAzqABTuBWo6ZVZLkX23tnIEBrBh/pjuaPxSXmKTZdGeTMOucsuekCen0ILrB6bVN+fLpvn14ojA3NbHoB+fvSXiX4Oxte2ntVKe3wbUZjaYa1VtEXDvQnlRph1Aw1tKQOgX2SUkU8TH/+Z+4Pad1Vp7E+y+xemOLKv6GMM1yUOSmXunztch4/u20uSBgvPqRtOd/OIPPKH9EoYVsAEBcTOO1JbGiMSN1uspIFtL4bXLyZww==",
            "region": "ap-southeast-1",
            "tags": {
              "Name": "dashboard_counting_key_pair"
            },
            "tags_all": {
              "Name": "dashboard_counting_key_pair"
            }
          },
          "sensitive_attributes": [],
          "identity_schema_version": 0,
          "private": "eyJzY2hlbWFfdmVyc2lvbiI6IjEifQ==",
          "dependencies": [
            "tls_private_key.dashboard_counting_key_pair"
          ]
        }
      ]
    },
    {
      "mode": "managed",
      "type": "aws_nat_gateway",
      "name": "ngw",
      "provider": "provider[\"registry.terraform.io/hashicorp/aws\"]",
      "instances": [
        {
          "schema_version": 0,
          "attributes": {
            "allocation_id": "eipalloc-0b9c23ac1882efa25",
            "association_id": "eipassoc-0318deb1aa5cc2278",
            "auto_provision_zones": null,
            "auto_scaling_ips": null,
            "availability_mode": "zonal",
            "availability_zone_address": [],
            "connectivity_type": "public",
            "id": "nat-035daea5074a64276",
            "network_interface_id": "eni-0ba2e427a3e7029e3",
            "private_ip": "172.16.1.115",
            "public_ip": "52.220.95.137",
            "region": "ap-southeast-1",
            "regional_nat_gateway_address": [],
            "regional_nat_gateway_auto_mode": null,
            "route_table_id": null,
            "secondary_allocation_ids": [],
            "secondary_private_ip_address_count": 0,
            "secondary_private_ip_addresses": [],
            "subnet_id": "subnet-06cd2c59d7a3ea87b",
            "tags": {
              "Name": "NAT Gateway"
            },
            "tags_all": {
              "Name": "NAT Gateway"
            },
            "timeouts": null,
            "vpc_id": "vpc-008d0955a159362ac"
          },
          "sensitive_attributes": [],
          "identity_schema_version": 0,
          "private": "eyJlMmJmYjczMC1lY2FhLTExZTYtOGY4OC0zNDM2M2JjN2M0YzAiOnsiY3JlYXRlIjo2MDAwMDAwMDAwMDAsImRlbGV0ZSI6MTgwMDAwMDAwMDAwMCwidXBkYXRlIjo2MDAwMDAwMDAwMDB9fQ==",
          "dependencies": [
            "aws_eip.eip_for_NAT_Gateway",
            "aws_internet_gateway.igw",
            "aws_subnet.Public_Subnet_for_Dashboard",
            "aws_vpc.Dashboard_Counting_App_VPC"
          ]
        }
      ]
    },
    {
      "mode": "managed",
      "type": "aws_route",
      "name": "igw_route_for_Public_Route_Table_for_Dashboard",
      "provider": "provider[\"registry.terraform.io/hashicorp/aws\"]",
      "instances": [
        {
          "schema_version": 0,
          "attributes": {
            "carrier_gateway_id": "",
            "core_network_arn": "",
            "destination_cidr_block": "0.0.0.0/0",
            "destination_ipv6_cidr_block": "",
            "destination_prefix_list_id": "",
            "egress_only_gateway_id": "",
            "gateway_id": "igw-063e88f0dab51d7fc",
            "id": "r-rtb-0955c8b182f9adf871080289494",
            "instance_id": "",
            "instance_owner_id": "",
            "local_gateway_id": "",
            "nat_gateway_id": "",
            "network_interface_id": "",
            "origin": "CreateRoute",
            "region": "ap-southeast-1",
            "route_table_id": "rtb-0955c8b182f9adf87",
            "state": "active",
            "timeouts": null,
            "transit_gateway_id": "",
            "vpc_endpoint_id": "",
            "vpc_peering_connection_id": ""
          },
          "sensitive_attributes": [],
          "identity_schema_version": 0,
          "identity": {
            "account_id": "290094381384",
            "destination_cidr_block": "0.0.0.0/0",
            "destination_ipv6_cidr_block": null,
            "destination_prefix_list_id": null,
            "region": "ap-southeast-1",
            "route_table_id": "rtb-0955c8b182f9adf87"
          },
          "private": "eyJlMmJmYjczMC1lY2FhLTExZTYtOGY4OC0zNDM2M2JjN2M0YzAiOnsiY3JlYXRlIjozMDAwMDAwMDAwMDAsImRlbGV0ZSI6MzAwMDAwMDAwMDAwLCJ1cGRhdGUiOjEyMDAwMDAwMDAwMH19",
          "dependencies": [
            "aws_internet_gateway.igw",
            "aws_route_table.Public_Route_Table_for_Dashboard",
            "aws_vpc.Dashboard_Counting_App_VPC"
          ]
        }
      ]
    },
    {
      "mode": "managed",
      "type": "aws_route",
      "name": "ngw_route_for_Private_Route_Table_for_Counting",
      "provider": "provider[\"registry.terraform.io/hashicorp/aws\"]",
      "instances": [
        {
          "schema_version": 0,
          "attributes": {
            "carrier_gateway_id": "",
            "core_network_arn": "",
            "destination_cidr_block": "0.0.0.0/0",
            "destination_ipv6_cidr_block": "",
            "destination_prefix_list_id": "",
            "egress_only_gateway_id": "",
            "gateway_id": "",
            "id": "r-rtb-06f05dc80d7a0b79f1080289494",
            "instance_id": "",
            "instance_owner_id": "",
            "local_gateway_id": "",
            "nat_gateway_id": "nat-035daea5074a64276",
            "network_interface_id": "",
            "origin": "CreateRoute",
            "region": "ap-southeast-1",
            "route_table_id": "rtb-06f05dc80d7a0b79f",
            "state": "active",
            "timeouts": null,
            "transit_gateway_id": "",
            "vpc_endpoint_id": "",
            "vpc_peering_connection_id": ""
          },
          "sensitive_attributes": [],
          "identity_schema_version": 0,
          "identity": {
            "account_id": "290094381384",
            "destination_cidr_block": "0.0.0.0/0",
            "destination_ipv6_cidr_block": null,
            "destination_prefix_list_id": null,
            "region": "ap-southeast-1",
            "route_table_id": "rtb-06f05dc80d7a0b79f"
          },
          "private": "eyJlMmJmYjczMC1lY2FhLTExZTYtOGY4OC0zNDM2M2JjN2M0YzAiOnsiY3JlYXRlIjozMDAwMDAwMDAwMDAsImRlbGV0ZSI6MzAwMDAwMDAwMDAwLCJ1cGRhdGUiOjEyMDAwMDAwMDAwMH19",
          "dependencies": [
            "aws_eip.eip_for_NAT_Gateway",
            "aws_internet_gateway.igw",
            "aws_nat_gateway.ngw",
            "aws_route_table.Private_Route_Table_for_Counting",
            "aws_subnet.Public_Subnet_for_Dashboard",
            "aws_vpc.Dashboard_Counting_App_VPC"
          ]
        }
      ]
    },
    {
      "mode": "managed",
      "type": "aws_route_table",
      "name": "Private_Route_Table_for_Counting",
      "provider": "provider[\"registry.terraform.io/hashicorp/aws\"]",
      "instances": [
        {
          "schema_version": 0,
          "attributes": {
            "arn": "arn:aws:ec2:ap-southeast-1:290094381384:route-table/rtb-06f05dc80d7a0b79f",
            "id": "rtb-06f05dc80d7a0b79f",
            "owner_id": "290094381384",
            "propagating_vgws": [],
            "region": "ap-southeast-1",
            "route": [],
            "tags": {
              "Name": "Private Route Table for Counting"
            },
            "tags_all": {
              "Name": "Private Route Table for Counting"
            },
            "timeouts": null,
            "vpc_id": "vpc-008d0955a159362ac"
          },
          "sensitive_attributes": [],
          "identity_schema_version": 0,
          "identity": {
            "account_id": "290094381384",
            "id": "rtb-06f05dc80d7a0b79f",
            "region": "ap-southeast-1"
          },
          "private": "eyJlMmJmYjczMC1lY2FhLTExZTYtOGY4OC0zNDM2M2JjN2M0YzAiOnsiY3JlYXRlIjozMDAwMDAwMDAwMDAsImRlbGV0ZSI6MzAwMDAwMDAwMDAwLCJ1cGRhdGUiOjEyMDAwMDAwMDAwMH19",
          "dependencies": [
            "aws_vpc.Dashboard_Counting_App_VPC"
          ]
        }
      ]
    },
    {
      "mode": "managed",
      "type": "aws_route_table",
      "name": "Public_Route_Table_for_Dashboard",
      "provider": "provider[\"registry.terraform.io/hashicorp/aws\"]",
      "instances": [
        {
          "schema_version": 0,
          "attributes": {
            "arn": "arn:aws:ec2:ap-southeast-1:290094381384:route-table/rtb-0955c8b182f9adf87",
            "id": "rtb-0955c8b182f9adf87",
            "owner_id": "290094381384",
            "propagating_vgws": [],
            "region": "ap-southeast-1",
            "route": [],
            "tags": {
              "Name": "Public Route Table for Dashboard"
            },
            "tags_all": {
              "Name": "Public Route Table for Dashboard"
            },
            "timeouts": null,
            "vpc_id": "vpc-008d0955a159362ac"
          },
          "sensitive_attributes": [],
          "identity_schema_version": 0,
          "identity": {
            "account_id": "290094381384",
            "id": "rtb-0955c8b182f9adf87",
            "region": "ap-southeast-1"
          },
          "private": "eyJlMmJmYjczMC1lY2FhLTExZTYtOGY4OC0zNDM2M2JjN2M0YzAiOnsiY3JlYXRlIjozMDAwMDAwMDAwMDAsImRlbGV0ZSI6MzAwMDAwMDAwMDAwLCJ1cGRhdGUiOjEyMDAwMDAwMDAwMH19",
          "dependencies": [
            "aws_vpc.Dashboard_Counting_App_VPC"
          ]
        }
      ]
    },
    {
      "mode": "managed",
      "type": "aws_route_table_association",
      "name": "Private_Subnet_Association_with_Subnet",
      "provider": "provider[\"registry.terraform.io/hashicorp/aws\"]",
      "instances": [
        {
          "schema_version": 0,
          "attributes": {
            "gateway_id": "",
            "id": "rtbassoc-00594e5534320541a",
            "region": "ap-southeast-1",
            "route_table_id": "rtb-06f05dc80d7a0b79f",
            "subnet_id": "subnet-0ae6d6847d9e59606",
            "timeouts": null
          },
          "sensitive_attributes": [],
          "identity_schema_version": 0,
          "private": "eyJlMmJmYjczMC1lY2FhLTExZTYtOGY4OC0zNDM2M2JjN2M0YzAiOnsiY3JlYXRlIjozMDAwMDAwMDAwMDAsImRlbGV0ZSI6MzAwMDAwMDAwMDAwLCJ1cGRhdGUiOjEyMDAwMDAwMDAwMH19",
          "dependencies": [
            "aws_route_table.Private_Route_Table_for_Counting",
            "aws_subnet.Private_Subnet_for_Counting",
            "aws_vpc.Dashboard_Counting_App_VPC"
          ]
        }
      ]
    },
    {
      "mode": "managed",
      "type": "aws_route_table_association",
      "name": "Public_Subnet_Association_with_Subnet",
      "provider": "provider[\"registry.terraform.io/hashicorp/aws\"]",
      "instances": [
        {
          "schema_version": 0,
          "attributes": {
            "gateway_id": "",
            "id": "rtbassoc-0078696a7aad0f1bb",
            "region": "ap-southeast-1",
            "route_table_id": "rtb-0955c8b182f9adf87",
            "subnet_id": "subnet-06cd2c59d7a3ea87b",
            "timeouts": null
          },
          "sensitive_attributes": [],
          "identity_schema_version": 0,
          "private": "eyJlMmJmYjczMC1lY2FhLTExZTYtOGY4OC0zNDM2M2JjN2M0YzAiOnsiY3JlYXRlIjozMDAwMDAwMDAwMDAsImRlbGV0ZSI6MzAwMDAwMDAwMDAwLCJ1cGRhdGUiOjEyMDAwMDAwMDAwMH19",
          "dependencies": [
            "aws_route_table.Public_Route_Table_for_Dashboard",
            "aws_subnet.Public_Subnet_for_Dashboard",
            "aws_vpc.Dashboard_Counting_App_VPC"
          ]
        }
      ]
    },
    {
      "mode": "managed",
      "type": "aws_security_group",
      "name": "Security_Group_for_Counting",
      "provider": "provider[\"registry.terraform.io/hashicorp/aws\"]",
      "instances": [
        {
          "schema_version": 1,
          "attributes": {
            "arn": "arn:aws:ec2:ap-southeast-1:290094381384:security-group/sg-0f79a007bf7b2de29",
            "description": "Security group for the counting service allowing inbound traffic from the dashboard and all outbound traffic",
            "egress": [
              {
                "cidr_blocks": [
                  "0.0.0.0/0"
                ],
                "description": "Allow all outbound traffic",
                "from_port": 0,
                "ipv6_cidr_blocks": [],
                "prefix_list_ids": [],
                "protocol": "-1",
                "security_groups": [],
                "self": false,
                "to_port": 0
              }
            ],
            "id": "sg-0f79a007bf7b2de29",
            "ingress": [
              {
                "cidr_blocks": [],
                "description": "Allow all inbound traffic from the dashboard security group",
                "from_port": 0,
                "ipv6_cidr_blocks": [],
                "prefix_list_ids": [],
                "protocol": "-1",
                "security_groups": [
                  "sg-0f4f28d025c70ff26"
                ],
                "self": false,
                "to_port": 0
              }
            ],
            "name": "Security_Group_for_Counting",
            "name_prefix": "",
            "owner_id": "290094381384",
            "region": "ap-southeast-1",
            "revoke_rules_on_delete": false,
            "tags": {
              "Name": "Security_Group_for_Counting"
            },
            "tags_all": {
              "Name": "Security_Group_for_Counting"
            },
            "timeouts": null,
            "vpc_id": "vpc-008d0955a159362ac"
          },
          "sensitive_attributes": [],
          "identity_schema_version": 0,
          "identity": {
            "account_id": "290094381384",
            "id": "sg-0f79a007bf7b2de29",
            "region": "ap-southeast-1"
          },
          "private": "eyJlMmJmYjczMC1lY2FhLTExZTYtOGY4OC0zNDM2M2JjN2M0YzAiOnsiY3JlYXRlIjo2MDAwMDAwMDAwMDAsImRlbGV0ZSI6OTAwMDAwMDAwMDAwfSwic2NoZW1hX3ZlcnNpb24iOiIxIn0=",
          "dependencies": [
            "aws_security_group.Security_Group_for_Dashboard",
            "aws_vpc.Dashboard_Counting_App_VPC",
            "data.http.my_ip"
          ]
        }
      ]
    },
    {
      "mode": "managed",
      "type": "aws_security_group",
      "name": "Security_Group_for_Dashboard",
      "provider": "provider[\"registry.terraform.io/hashicorp/aws\"]",
      "instances": [
        {
          "schema_version": 1,
          "attributes": {
            "arn": "arn:aws:ec2:ap-southeast-1:290094381384:security-group/sg-0f4f28d025c70ff26",
            "description": "Security group for the dashboard allowing inbound traffic on port 22,80,443 and all outbound traffic",
            "egress": [
              {
                "cidr_blocks": [
                  "0.0.0.0/0"
                ],
                "description": "Allow all outbound traffic",
                "from_port": 0,
                "ipv6_cidr_blocks": [],
                "prefix_list_ids": [],
                "protocol": "-1",
                "security_groups": [],
                "self": false,
                "to_port": 0
              }
            ],
            "id": "sg-0f4f28d025c70ff26",
            "ingress": [
              {
                "cidr_blocks": [
                  "0.0.0.0/0"
                ],
                "description": "HTTP from local network",
                "from_port": 80,
                "ipv6_cidr_blocks": [],
                "prefix_list_ids": [],
                "protocol": "tcp",
                "security_groups": [],
                "self": false,
                "to_port": 80
              },
              {
                "cidr_blocks": [
                  "0.0.0.0/0"
                ],
                "description": "HTTPS from local network",
                "from_port": 443,
                "ipv6_cidr_blocks": [],
                "prefix_list_ids": [],
                "protocol": "tcp",
                "security_groups": [],
                "self": false,
                "to_port": 443
              },
              {
                "cidr_blocks": [
                  "116.89.17.84/32"
                ],
                "description": "SSH from local network",
                "from_port": 22,
                "ipv6_cidr_blocks": [],
                "prefix_list_ids": [],
                "protocol": "tcp",
                "security_groups": [],
                "self": false,
                "to_port": 22
              }
            ],
            "name": "Security_Group_for_Dashboard",
            "name_prefix": "",
            "owner_id": "290094381384",
            "region": "ap-southeast-1",
            "revoke_rules_on_delete": false,
            "tags": {
              "Name": "Security_Group_for_Dashboard"
            },
            "tags_all": {
              "Name": "Security_Group_for_Dashboard"
            },
            "timeouts": null,
            "vpc_id": "vpc-008d0955a159362ac"
          },
          "sensitive_attributes": [],
          "identity_schema_version": 0,
          "identity": {
            "account_id": "290094381384",
            "id": "sg-0f4f28d025c70ff26",
            "region": "ap-southeast-1"
          },
          "private": "eyJlMmJmYjczMC1lY2FhLTExZTYtOGY4OC0zNDM2M2JjN2M0YzAiOnsiY3JlYXRlIjo2MDAwMDAwMDAwMDAsImRlbGV0ZSI6OTAwMDAwMDAwMDAwfSwic2NoZW1hX3ZlcnNpb24iOiIxIn0=",
          "dependencies": [
            "aws_vpc.Dashboard_Counting_App_VPC",
            "data.http.my_ip"
          ]
        }
      ]
    },
    {
      "mode": "managed",
      "type": "aws_subnet",
      "name": "Private_Subnet_for_Counting",
      "provider": "provider[\"registry.terraform.io/hashicorp/aws\"]",
      "instances": [
        {
          "schema_version": 1,
          "attributes": {
            "arn": "arn:aws:ec2:ap-southeast-1:290094381384:subnet/subnet-0ae6d6847d9e59606",
            "assign_ipv6_address_on_creation": false,
            "availability_zone": "ap-southeast-1b",
            "availability_zone_id": "apse1-az1",
            "cidr_block": "172.16.2.0/24",
            "customer_owned_ipv4_pool": "",
            "enable_dns64": false,
            "enable_lni_at_device_index": 0,
            "enable_resource_name_dns_a_record_on_launch": false,
            "enable_resource_name_dns_aaaa_record_on_launch": false,
            "id": "subnet-0ae6d6847d9e59606",
            "ipv4_ipam_pool_id": null,
            "ipv4_netmask_length": null,
            "ipv6_cidr_block": "",
            "ipv6_cidr_block_association_id": "",
            "ipv6_ipam_pool_id": null,
            "ipv6_native": false,
            "ipv6_netmask_length": null,
            "map_customer_owned_ip_on_launch": false,
            "map_public_ip_on_launch": false,
            "outpost_arn": "",
            "owner_id": "290094381384",
            "private_dns_hostname_type_on_launch": "ip-name",
            "region": "ap-southeast-1",
            "tags": {
              "Name": "Private Subnet for Counting"
            },
            "tags_all": {
              "Name": "Private Subnet for Counting"
            },
            "timeouts": null,
            "vpc_id": "vpc-008d0955a159362ac"
          },
          "sensitive_attributes": [],
          "identity_schema_version": 0,
          "identity": {
            "account_id": "290094381384",
            "id": "subnet-0ae6d6847d9e59606",
            "region": "ap-southeast-1"
          },
          "private": "eyJlMmJmYjczMC1lY2FhLTExZTYtOGY4OC0zNDM2M2JjN2M0YzAiOnsiY3JlYXRlIjo2MDAwMDAwMDAwMDAsImRlbGV0ZSI6MTIwMDAwMDAwMDAwMH0sInNjaGVtYV92ZXJzaW9uIjoiMSJ9",
          "dependencies": [
            "aws_vpc.Dashboard_Counting_App_VPC"
          ]
        }
      ]
    },
    {
      "mode": "managed",
      "type": "aws_subnet",
      "name": "Public_Subnet_for_Dashboard",
      "provider": "provider[\"registry.terraform.io/hashicorp/aws\"]",
      "instances": [
        {
          "schema_version": 1,
          "attributes": {
            "arn": "arn:aws:ec2:ap-southeast-1:290094381384:subnet/subnet-06cd2c59d7a3ea87b",
            "assign_ipv6_address_on_creation": false,
            "availability_zone": "ap-southeast-1a",
            "availability_zone_id": "apse1-az2",
            "cidr_block": "172.16.1.0/24",
            "customer_owned_ipv4_pool": "",
            "enable_dns64": false,
            "enable_lni_at_device_index": 0,
            "enable_resource_name_dns_a_record_on_launch": false,
            "enable_resource_name_dns_aaaa_record_on_launch": false,
            "id": "subnet-06cd2c59d7a3ea87b",
            "ipv4_ipam_pool_id": null,
            "ipv4_netmask_length": null,
            "ipv6_cidr_block": "",
            "ipv6_cidr_block_association_id": "",
            "ipv6_ipam_pool_id": null,
            "ipv6_native": false,
            "ipv6_netmask_length": null,
            "map_customer_owned_ip_on_launch": false,
            "map_public_ip_on_launch": true,
            "outpost_arn": "",
            "owner_id": "290094381384",
            "private_dns_hostname_type_on_launch": "ip-name",
            "region": "ap-southeast-1",
            "tags": {
              "Name": "Public Subnet for Dashboard"
            },
            "tags_all": {
              "Name": "Public Subnet for Dashboard"
            },
            "timeouts": null,
            "vpc_id": "vpc-008d0955a159362ac"
          },
          "sensitive_attributes": [],
          "identity_schema_version": 0,
          "identity": {
            "account_id": "290094381384",
            "id": "subnet-06cd2c59d7a3ea87b",
            "region": "ap-southeast-1"
          },
          "private": "eyJlMmJmYjczMC1lY2FhLTExZTYtOGY4OC0zNDM2M2JjN2M0YzAiOnsiY3JlYXRlIjo2MDAwMDAwMDAwMDAsImRlbGV0ZSI6MTIwMDAwMDAwMDAwMH0sInNjaGVtYV92ZXJzaW9uIjoiMSJ9",
          "dependencies": [
            "aws_vpc.Dashboard_Counting_App_VPC"
          ]
        }
      ]
    },
    {
      "mode": "managed",
      "type": "aws_vpc",
      "name": "Dashboard_Counting_App_VPC",
      "provider": "provider[\"registry.terraform.io/hashicorp/aws\"]",
      "instances": [
        {
          "schema_version": 1,
          "attributes": {
            "arn": "arn:aws:ec2:ap-southeast-1:290094381384:vpc/vpc-008d0955a159362ac",
            "assign_generated_ipv6_cidr_block": false,
            "cidr_block": "172.16.0.0/16",
            "default_network_acl_id": "acl-0df526aaeedd79091",
            "default_route_table_id": "rtb-067f70e9d0b8553b0",
            "default_security_group_id": "sg-04f90333a3cbf2eae",
            "dhcp_options_id": "dopt-01e4078bf2b207528",
            "enable_dns_hostnames": true,
            "enable_dns_support": true,
            "enable_network_address_usage_metrics": false,
            "id": "vpc-008d0955a159362ac",
            "instance_tenancy": "default",
            "ipv4_ipam_pool_id": null,
            "ipv4_netmask_length": null,
            "ipv6_association_id": "",
            "ipv6_cidr_block": "",
            "ipv6_cidr_block_network_border_group": "",
            "ipv6_ipam_pool_id": "",
            "ipv6_netmask_length": 0,
            "main_route_table_id": "rtb-067f70e9d0b8553b0",
            "owner_id": "290094381384",
            "region": "ap-southeast-1",
            "tags": {
              "Name": "Dashboard Counting App VPC"
            },
            "tags_all": {
              "Name": "Dashboard Counting App VPC"
            }
          },
          "sensitive_attributes": [],
          "identity_schema_version": 0,
          "identity": {
            "account_id": "290094381384",
            "id": "vpc-008d0955a159362ac",
            "region": "ap-southeast-1"
          },
          "private": "eyJzY2hlbWFfdmVyc2lvbiI6IjEifQ=="
        }
      ]
    },
    {
      "mode": "managed",
      "type": "local_file",
      "name": "ssh_private_key",
      "provider": "provider[\"registry.terraform.io/hashicorp/local\"]",
      "instances": [
        {
          "schema_version": 0,
          "attributes": {
            "content": "-----BEGIN RSA PRIVATE KEY-----\nMIIJKQIBAAKCAgEA6Vw94k3W01+edpVPL5hWdbZEJyigmTFXfF2I74qwGdPBXLo5\ndcQmkGq0ofbyGJVD1SjFhYci31jLkL3XBUWNCGRU5hjfl5f4FBpr3KBR+SZyN2rg\nTBR9tPqvpFGlq0n3Ip9jRxjOqQclTvHwZL6aY8tJLCOSOLkdOGz5kJBEV6+iwBtJ\nlIKZ5rZQxCufHMjU5L/Wp4P9akAuvpvVY9j3P+HLuboWJJZfhTTT5VtDIKxzTeUV\n7tVCIKQ4hLlmTauGR7gWQrCvpoIMm/W6GxzBHI65lVpS3t7r9l08zjI3011zJuWy\nWI2OOM0TaPVSSYZ4Z0/PGH3QirPwrwSMsw/WQfWuPRlYFvjBUxNf4msbyqu0RwyE\nPut6LzCttS8t7sJFTsWLpnF58mWdT60eH7Y9kOQaCGkAMjYLjP0BK32A3cu5UWGc\nZTkzqebCtaD3wM6gAU7gVqOmVWS5F9t7ZyBAawYf6Y7mj8Ul5ik2XRnkzDrnLLnp\nAnp9CC6wem1Tfny6b59eKIwNzWx6Afn70l4l+DsbXtp7VSnt8G1GY2mGtVbRFw70\nJ5UaYdQMNbSkDoF9klJFPEx//mfuD2ndVaexPsvsXpjiyr+hjDNclDkpl7p87XIe\nP7ttLkgYLz6kbTnfziDzyh/RKGFbABAXEzjtSWxojEjdbrKSBbS+G1y8mcMCAwEA\nAQKCAgASnDcZNaD0wXLnPRgQESOQBqWfw9cu8GbsNZ9mjxZlMOSCSx2q/SYgLUpT\nglijSkAbH0HFWNYYnsG5PNKJipbpPOsiYIhwU//GRqckdKqk5oKEVeMmXhn6VWWt\ngo9mPiNV4QUvVdShWT8J8TR9LFAutjcTLJEMMgMZDWPHuiGhJpIhpOt0yweQBSki\nw+HQD1ofFgd924JZt12i+NWHPXXWY+D14lfCujVK78AYUfNkByy44RSjM+GurboO\nJ6T3e77dOFqaHfIcItHznCCn6d6isuUs+oOSX4/M2XmwbgPSuOimiPn0ovFdKUmr\nfKj/0RgIES7QYrQ/Y4NFyeSYoSIygG53ctNMmYcaidY3dyf2vJanVHGXQQh8+xYG\n36SnCwt0126LTbvYW92DYf6EqsUSNBvYdyF0A0nfejHBJiWikFYRWzzDhS4qdABw\nzMPv/h+AXEpwwcnoYBqYAmJPhxJR40Uaoa23SWaRVdHOJpBGU0s6M4HGrkGp0k6r\nJ6ewthf/cjpTomnDB6P3DSQ/vMNrgirb7vl08qXD4J12Nf3jEeyHH5BTHz9ftydU\nvu53J4racFqN7eQP7Gr+RdqnpBllVg/xDa2xl45EiyAgxV9IyntMpmBJ/xIetGq9\naWTgdr1b+ajcxpBU+REo5mTeW0ksoRjPWmK0rq9Sqdy1FAZnxQKCAQEA/HvuvaTN\nPAgE3SgNKUhThsAy70WuuO55ioKgsoji+34PevBsafhk2zLs6w32rvU55ZJMAMpt\niqPCdqsHjkaL/vd/oRI5dTx+cH7ei5ljVHTqrcbp7oZz8OhVq1wFnw1+qt7x0FTu\nE9qMbmJoYZtfkO2S5r8moqJFfwuFAluEgX4dpcc8vCFfdM6UTaYIMISYoO80oPAo\nh03XdWoVak4Yc2FnBba/nuP+B1qRVmjRZEigEj3Nnbbm7+bJa1QYmVNFgVeP96sF\n1GJWzbzq8SaO2si8EwEu0bgPY3aUtm5jeBZEsqvT5+OSP5STvhhRZ3I5KWecIIn3\nn1nCMz9RC+1W7QKCAQEA7JwiwCxMtYN/GQ/TOwutMUcOgEnFMGDyxiDLxBtgFn7C\nvOKOYsArtwstwpUQDvYA+XuVwxk6zN161EEPyJeeSQpTlhEzCrvx7OcOGoyKrxF4\n2MBsbUkdYVngMKVMt8u/F+35WNFoIk0NpKHymHoqiTqAS1C9mIFK53V5KUriNiyY\nZhgKzjbb9ZzY3Pux4gt0DC7BiSS1p6j2PxZISv19VE79i1YbpUV0D1rgesbtw6T3\nlDQW3Lrx+YnllRVM45rPweLBRslaOcuI4/yVZRqccOdx+BWtGKAxNdH7HckP37kw\n68EYaTKl6KgUtwFwVKBRXm+jUi1z0rxfkB9aevVtbwKCAQEAlMEfw7PZB0liNDpo\npq3qKDYMzFQtwN8f1K9ppkZoFOwMis4j0bt7EHpMg6BSenoYhl1PUhfxugEJjYju\nhrChwrJnC6sFF0Fw7S6SR4UztIq9yWysXs/wdzsrXi51UWROALYhmjCvpBrbKh3o\niblU8LpIFpMAXElm0Jck4mKxCuoW5Zkg+2ZeKx+a2LS9lnhIxGiqhTd5aV4/VvoN\na/hfB3uXixJEi4SgIg0GG/bdh0wSoyyufAFKxoUenpGJfKxHAxFnzO+CG8NkiQqJ\nEVM6T0R9KmVEBGOBDYTL0T/wcswL5Yi+7JxzieorsY/6RgxSCUb2AWXH8qabeD4R\nrglDcQKCAQEAwzmIyrtCh7n50nnmNZ/KxQ/1/Q/hLauwZJ2Gw0Y7IBRzJVphVUVu\nTFdi6FwJpe6Am1jHFvToOUS9JgiQt1eyeF2W3glO7hpo4Kk8T9eKTizCY0VRsVJU\ndZCslDaveC8aeuoVhJ0zqKmfCim9euXB1vx4AqyZ4w06+oNI9zMcNsrQ69wGfmNx\nVdSWcq8R9Iqys6KYeUnawH1+wEroV0eUc03BkYf4w4Ls4gZ/lY4xe+3PgW8BNhrh\nsJ2A2mN6z4laxoUMKBXW5jzzs/kiYwtz7QxqUuG/ssPqFpgs9ESDXnr0zHDEbXgm\nwDJ+9Qiw4IJu4NaIETQDjutyhf34r9907QKCAQBuatDFgVqZAAau+7VAumHlmQbE\nPdvYmqZV6SWkisv4QI2AR6b7i4cMBv88pzOZWYb4Q6z7t0dAktZdlKPI6RrnLw7B\njjXwNZVbhx/KcQVv2OU0HOEeAI0s5HtB47N/wP04pRPs9AmcnCErXJShmn3YPcoE\nTidYknrHYRVJJ+Lb7XWgo6IBcr7NU4YjRJ9A0napSluswfu/pNrNNGBVDsePe75G\nls8uqFos+RbkxQ/so0yb8LtZKVfEuUUNhUWIO4suynP6oaklGHVGRURpUnqvFwLS\ntht0GetblZUKGF79IC7AxD2oUILXO/jdovRYncCTOSflUWjNqLqdW+KTjjTI\n-----END RSA PRIVATE KEY-----\n",
            "content_base64": null,
            "content_base64sha256": "MF8YqQW+Pqzh8c5wh4hKIE7dWzUgrpywWYlT7OAzoAs=",
            "content_base64sha512": "I0uQX+pkQGw8nKLwl2lfbDtGq3KTLrq68WSk6gHr4EMO0mURhZWhy8023V/u+/kz7x2PV7ICjB8LGd8zs1j1Rw==",
            "content_md5": "a199684a1ab86faa77c86889f745f13a",
            "content_sha1": "5e134ac91d404b6f92365ef7a774d7a6eb969c7b",
            "content_sha256": "305f18a905be3eace1f1ce7087884a204edd5b3520ae9cb0598953ece033a00b",
            "content_sha512": "234b905fea64406c3c9ca2f097695f6c3b46ab72932ebabaf164a4ea01ebe0430ed265118595a1cbcd36dd5feefbf933ef1d8f57b2028c1f0b19df33b358f547",
            "directory_permission": "0777",
            "file_permission": "0600",
            "filename": "/home/salai/.ssh/dashboard_counting_key_pair.pem",
            "id": "5e134ac91d404b6f92365ef7a774d7a6eb969c7b",
            "sensitive_content": null,
            "source": null
          },
          "sensitive_attributes": [
            [
              {
                "type": "get_attr",
                "value": "content"
              }
            ],
            [
              {
                "type": "get_attr",
                "value": "sensitive_content"
              }
            ]
          ],
          "identity_schema_version": 0,
          "dependencies": [
            "tls_private_key.dashboard_counting_key_pair"
          ]
        }
      ]
    },
    {
      "mode": "managed",
      "type": "tls_private_key",
      "name": "dashboard_counting_key_pair",
      "provider": "provider[\"registry.terraform.io/hashicorp/tls\"]",
      "instances": [
        {
          "schema_version": 1,
          "attributes": {
            "algorithm": "RSA",
            "ecdsa_curve": "P224",
            "id": "a73561db3212fe44d5019357d4175a2e7a84d4ba",
            "private_key_openssh": "-----BEGIN OPENSSH PRIVATE KEY-----\nb3BlbnNzaC1rZXktdjEAAAAABG5vbmUAAAAEbm9uZQAAAAAAAAABAAACFwAAAAdz\nc2gtcnNhAAAAAwEAAQAAAgEA6Vw94k3W01+edpVPL5hWdbZEJyigmTFXfF2I74qw\nGdPBXLo5dcQmkGq0ofbyGJVD1SjFhYci31jLkL3XBUWNCGRU5hjfl5f4FBpr3KBR\n+SZyN2rgTBR9tPqvpFGlq0n3Ip9jRxjOqQclTvHwZL6aY8tJLCOSOLkdOGz5kJBE\nV6+iwBtJlIKZ5rZQxCufHMjU5L/Wp4P9akAuvpvVY9j3P+HLuboWJJZfhTTT5VtD\nIKxzTeUV7tVCIKQ4hLlmTauGR7gWQrCvpoIMm/W6GxzBHI65lVpS3t7r9l08zjI3\n011zJuWyWI2OOM0TaPVSSYZ4Z0/PGH3QirPwrwSMsw/WQfWuPRlYFvjBUxNf4msb\nyqu0RwyEPut6LzCttS8t7sJFTsWLpnF58mWdT60eH7Y9kOQaCGkAMjYLjP0BK32A\n3cu5UWGcZTkzqebCtaD3wM6gAU7gVqOmVWS5F9t7ZyBAawYf6Y7mj8Ul5ik2XRnk\nzDrnLLnpAnp9CC6wem1Tfny6b59eKIwNzWx6Afn70l4l+DsbXtp7VSnt8G1GY2mG\ntVbRFw70J5UaYdQMNbSkDoF9klJFPEx//mfuD2ndVaexPsvsXpjiyr+hjDNclDkp\nl7p87XIeP7ttLkgYLz6kbTnfziDzyh/RKGFbABAXEzjtSWxojEjdbrKSBbS+G1y8\nmcMAAAc4NSFFmzUhRZsAAAAHc3NoLXJzYQAAAgEA6Vw94k3W01+edpVPL5hWdbZE\nJyigmTFXfF2I74qwGdPBXLo5dcQmkGq0ofbyGJVD1SjFhYci31jLkL3XBUWNCGRU\n5hjfl5f4FBpr3KBR+SZyN2rgTBR9tPqvpFGlq0n3Ip9jRxjOqQclTvHwZL6aY8tJ\nLCOSOLkdOGz5kJBEV6+iwBtJlIKZ5rZQxCufHMjU5L/Wp4P9akAuvpvVY9j3P+HL\nuboWJJZfhTTT5VtDIKxzTeUV7tVCIKQ4hLlmTauGR7gWQrCvpoIMm/W6GxzBHI65\nlVpS3t7r9l08zjI3011zJuWyWI2OOM0TaPVSSYZ4Z0/PGH3QirPwrwSMsw/WQfWu\nPRlYFvjBUxNf4msbyqu0RwyEPut6LzCttS8t7sJFTsWLpnF58mWdT60eH7Y9kOQa\nCGkAMjYLjP0BK32A3cu5UWGcZTkzqebCtaD3wM6gAU7gVqOmVWS5F9t7ZyBAawYf\n6Y7mj8Ul5ik2XRnkzDrnLLnpAnp9CC6wem1Tfny6b59eKIwNzWx6Afn70l4l+Dsb\nXtp7VSnt8G1GY2mGtVbRFw70J5UaYdQMNbSkDoF9klJFPEx//mfuD2ndVaexPsvs\nXpjiyr+hjDNclDkpl7p87XIeP7ttLkgYLz6kbTnfziDzyh/RKGFbABAXEzjtSWxo\njEjdbrKSBbS+G1y8mcMAAAADAQABAAACABKcNxk1oPTBcuc9GBARI5AGpZ/D1y7w\nZuw1n2aPFmUw5IJLHar9JiAtSlOCWKNKQBsfQcVY1hiewbk80omKluk86yJgiHBT\n/8ZGpyR0qqTmgoRV4yZeGfpVZa2Cj2Y+I1XhBS9V1KFZPwnxNH0sUC62NxMskQwy\nAxkNY8e6IaEmkiGk63TLB5AFKSLD4dAPWh8WB33bglm3XaL41Yc9ddZj4PXiV8K6\nNUrvwBhR82QHLLjhFKMz4a6tug4npPd7vt04Wpod8hwi0fOcIKfp3qKy5Sz6g5Jf\nj8zZebBuA9K46KaI+fSi8V0pSat8qP/RGAgRLtBitD9jg0XJ5JihIjKAbndy00yZ\nhxqJ1jd3J/a8lqdUcZdBCHz7FgbfpKcLC3TXbotNu9hb3YNh/oSqxRI0G9h3IXQD\nSd96McEmJaKQVhFbPMOFLip0AHDMw+/+H4BcSnDByehgGpgCYk+HElHjRRqhrbdJ\nZpFV0c4mkEZTSzozgcauQanSTqsnp7C2F/9yOlOiacMHo/cNJD+8w2uCKtvu+XTy\npcPgnXY1/eMR7IcfkFMfP1+3J1S+7ncnitpwWo3t5A/sav5F2qekGWVWD/ENrbGX\njkSLICDFX0jKe0ymYEn/Eh60ar1pZOB2vVv5qNzGkFT5ESjmZN5bSSyhGM9aYrSu\nr1Kp3LUUBmfFAAABAG5q0MWBWpkABq77tUC6YeWZBsQ929iaplXpJaSKy/hAjYBH\npvuLhwwG/zynM5lZhvhDrPu3R0CS1l2Uo8jpGucvDsGONfA1lVuHH8pxBW/Y5TQc\n4R4AjSzke0Hjs3/A/TilE+z0CZycIStclKGafdg9ygROJ1iSesdhFUkn4tvtdaCj\nogFyvs1ThiNEn0DSdqlKW6zB+7+k2s00YFUOx497vkaWzy6oWiz5FuTFD+yjTJvw\nu1kpV8S5RQ2FRYg7iy7Kc/qhqSUYdUZFRGlSeq8XAtK2G3QZ61uVlQoYXv0gLsDE\nPahQgtc7+N2i9FidwJM5J+VRaM2oup1b4pOONMgAAAEBAPx77r2kzTwIBN0oDSlI\nU4bAMu9FrrjueYqCoLKI4vt+D3rwbGn4ZNsy7OsN9q71OeWSTADKbYqjwnarB45G\ni/73f6ESOXU8fnB+3ouZY1R06q3G6e6Gc/DoVatcBZ8Nfqre8dBU7hPajG5iaGGb\nX5Dtkua/JqKiRX8LhQJbhIF+HaXHPLwhX3TOlE2mCDCEmKDvNKDwKIdN13VqFWpO\nGHNhZwW2v57j/gdakVZo0WRIoBI9zZ225u/myWtUGJlTRYFXj/erBdRiVs286vEm\njtrIvBMBLtG4D2N2lLZuY3gWRLKr0+fjkj+Uk74YUWdyOSlnnCCJ959ZwjM/UQvt\nVu0AAAEBAOycIsAsTLWDfxkP0zsLrTFHDoBJxTBg8sYgy8QbYBZ+wrzijmLAK7cL\nLcKVEA72APl7lcMZOszdetRBD8iXnkkKU5YRMwq78eznDhqMiq8ReNjAbG1JHWFZ\n4DClTLfLvxft+VjRaCJNDaSh8ph6Kok6gEtQvZiBSud1eSlK4jYsmGYYCs422/Wc\n2Nz7seILdAwuwYkktaeo9j8WSEr9fVRO/YtWG6VFdA9a4HrG7cOk95Q0Fty68fmJ\n5ZUVTOOaz8HiwUbJWjnLiOP8lWUanHDncfgVrRigMTXR+x3JD9+5MOvBGGkypeio\nFLcBcFSgUV5vo1Itc9K8X5AfWnr1bW8AAAAAAQID\n-----END OPENSSH PRIVATE KEY-----\n",
            "private_key_pem": "-----BEGIN RSA PRIVATE KEY-----\nMIIJKQIBAAKCAgEA6Vw94k3W01+edpVPL5hWdbZEJyigmTFXfF2I74qwGdPBXLo5\ndcQmkGq0ofbyGJVD1SjFhYci31jLkL3XBUWNCGRU5hjfl5f4FBpr3KBR+SZyN2rg\nTBR9tPqvpFGlq0n3Ip9jRxjOqQclTvHwZL6aY8tJLCOSOLkdOGz5kJBEV6+iwBtJ\nlIKZ5rZQxCufHMjU5L/Wp4P9akAuvpvVY9j3P+HLuboWJJZfhTTT5VtDIKxzTeUV\n7tVCIKQ4hLlmTauGR7gWQrCvpoIMm/W6GxzBHI65lVpS3t7r9l08zjI3011zJuWy\nWI2OOM0TaPVSSYZ4Z0/PGH3QirPwrwSMsw/WQfWuPRlYFvjBUxNf4msbyqu0RwyE\nPut6LzCttS8t7sJFTsWLpnF58mWdT60eH7Y9kOQaCGkAMjYLjP0BK32A3cu5UWGc\nZTkzqebCtaD3wM6gAU7gVqOmVWS5F9t7ZyBAawYf6Y7mj8Ul5ik2XRnkzDrnLLnp\nAnp9CC6wem1Tfny6b59eKIwNzWx6Afn70l4l+DsbXtp7VSnt8G1GY2mGtVbRFw70\nJ5UaYdQMNbSkDoF9klJFPEx//mfuD2ndVaexPsvsXpjiyr+hjDNclDkpl7p87XIe\nP7ttLkgYLz6kbTnfziDzyh/RKGFbABAXEzjtSWxojEjdbrKSBbS+G1y8mcMCAwEA\nAQKCAgASnDcZNaD0wXLnPRgQESOQBqWfw9cu8GbsNZ9mjxZlMOSCSx2q/SYgLUpT\nglijSkAbH0HFWNYYnsG5PNKJipbpPOsiYIhwU//GRqckdKqk5oKEVeMmXhn6VWWt\ngo9mPiNV4QUvVdShWT8J8TR9LFAutjcTLJEMMgMZDWPHuiGhJpIhpOt0yweQBSki\nw+HQD1ofFgd924JZt12i+NWHPXXWY+D14lfCujVK78AYUfNkByy44RSjM+GurboO\nJ6T3e77dOFqaHfIcItHznCCn6d6isuUs+oOSX4/M2XmwbgPSuOimiPn0ovFdKUmr\nfKj/0RgIES7QYrQ/Y4NFyeSYoSIygG53ctNMmYcaidY3dyf2vJanVHGXQQh8+xYG\n36SnCwt0126LTbvYW92DYf6EqsUSNBvYdyF0A0nfejHBJiWikFYRWzzDhS4qdABw\nzMPv/h+AXEpwwcnoYBqYAmJPhxJR40Uaoa23SWaRVdHOJpBGU0s6M4HGrkGp0k6r\nJ6ewthf/cjpTomnDB6P3DSQ/vMNrgirb7vl08qXD4J12Nf3jEeyHH5BTHz9ftydU\nvu53J4racFqN7eQP7Gr+RdqnpBllVg/xDa2xl45EiyAgxV9IyntMpmBJ/xIetGq9\naWTgdr1b+ajcxpBU+REo5mTeW0ksoRjPWmK0rq9Sqdy1FAZnxQKCAQEA/HvuvaTN\nPAgE3SgNKUhThsAy70WuuO55ioKgsoji+34PevBsafhk2zLs6w32rvU55ZJMAMpt\niqPCdqsHjkaL/vd/oRI5dTx+cH7ei5ljVHTqrcbp7oZz8OhVq1wFnw1+qt7x0FTu\nE9qMbmJoYZtfkO2S5r8moqJFfwuFAluEgX4dpcc8vCFfdM6UTaYIMISYoO80oPAo\nh03XdWoVak4Yc2FnBba/nuP+B1qRVmjRZEigEj3Nnbbm7+bJa1QYmVNFgVeP96sF\n1GJWzbzq8SaO2si8EwEu0bgPY3aUtm5jeBZEsqvT5+OSP5STvhhRZ3I5KWecIIn3\nn1nCMz9RC+1W7QKCAQEA7JwiwCxMtYN/GQ/TOwutMUcOgEnFMGDyxiDLxBtgFn7C\nvOKOYsArtwstwpUQDvYA+XuVwxk6zN161EEPyJeeSQpTlhEzCrvx7OcOGoyKrxF4\n2MBsbUkdYVngMKVMt8u/F+35WNFoIk0NpKHymHoqiTqAS1C9mIFK53V5KUriNiyY\nZhgKzjbb9ZzY3Pux4gt0DC7BiSS1p6j2PxZISv19VE79i1YbpUV0D1rgesbtw6T3\nlDQW3Lrx+YnllRVM45rPweLBRslaOcuI4/yVZRqccOdx+BWtGKAxNdH7HckP37kw\n68EYaTKl6KgUtwFwVKBRXm+jUi1z0rxfkB9aevVtbwKCAQEAlMEfw7PZB0liNDpo\npq3qKDYMzFQtwN8f1K9ppkZoFOwMis4j0bt7EHpMg6BSenoYhl1PUhfxugEJjYju\nhrChwrJnC6sFF0Fw7S6SR4UztIq9yWysXs/wdzsrXi51UWROALYhmjCvpBrbKh3o\niblU8LpIFpMAXElm0Jck4mKxCuoW5Zkg+2ZeKx+a2LS9lnhIxGiqhTd5aV4/VvoN\na/hfB3uXixJEi4SgIg0GG/bdh0wSoyyufAFKxoUenpGJfKxHAxFnzO+CG8NkiQqJ\nEVM6T0R9KmVEBGOBDYTL0T/wcswL5Yi+7JxzieorsY/6RgxSCUb2AWXH8qabeD4R\nrglDcQKCAQEAwzmIyrtCh7n50nnmNZ/KxQ/1/Q/hLauwZJ2Gw0Y7IBRzJVphVUVu\nTFdi6FwJpe6Am1jHFvToOUS9JgiQt1eyeF2W3glO7hpo4Kk8T9eKTizCY0VRsVJU\ndZCslDaveC8aeuoVhJ0zqKmfCim9euXB1vx4AqyZ4w06+oNI9zMcNsrQ69wGfmNx\nVdSWcq8R9Iqys6KYeUnawH1+wEroV0eUc03BkYf4w4Ls4gZ/lY4xe+3PgW8BNhrh\nsJ2A2mN6z4laxoUMKBXW5jzzs/kiYwtz7QxqUuG/ssPqFpgs9ESDXnr0zHDEbXgm\nwDJ+9Qiw4IJu4NaIETQDjutyhf34r9907QKCAQBuatDFgVqZAAau+7VAumHlmQbE\nPdvYmqZV6SWkisv4QI2AR6b7i4cMBv88pzOZWYb4Q6z7t0dAktZdlKPI6RrnLw7B\njjXwNZVbhx/KcQVv2OU0HOEeAI0s5HtB47N/wP04pRPs9AmcnCErXJShmn3YPcoE\nTidYknrHYRVJJ+Lb7XWgo6IBcr7NU4YjRJ9A0napSluswfu/pNrNNGBVDsePe75G\nls8uqFos+RbkxQ/so0yb8LtZKVfEuUUNhUWIO4suynP6oaklGHVGRURpUnqvFwLS\ntht0GetblZUKGF79IC7AxD2oUILXO/jdovRYncCTOSflUWjNqLqdW+KTjjTI\n-----END RSA PRIVATE KEY-----\n",
            "private_key_pem_pkcs8": "-----BEGIN PRIVATE KEY-----\nMIIJQwIBADANBgkqhkiG9w0BAQEFAASCCS0wggkpAgEAAoICAQDpXD3iTdbTX552\nlU8vmFZ1tkQnKKCZMVd8XYjvirAZ08Fcujl1xCaQarSh9vIYlUPVKMWFhyLfWMuQ\nvdcFRY0IZFTmGN+Xl/gUGmvcoFH5JnI3auBMFH20+q+kUaWrSfcin2NHGM6pByVO\n8fBkvppjy0ksI5I4uR04bPmQkERXr6LAG0mUgpnmtlDEK58cyNTkv9ang/1qQC6+\nm9Vj2Pc/4cu5uhYkll+FNNPlW0MgrHNN5RXu1UIgpDiEuWZNq4ZHuBZCsK+mggyb\n9bobHMEcjrmVWlLe3uv2XTzOMjfTXXMm5bJYjY44zRNo9VJJhnhnT88YfdCKs/Cv\nBIyzD9ZB9a49GVgW+MFTE1/iaxvKq7RHDIQ+63ovMK21Ly3uwkVOxYumcXnyZZ1P\nrR4ftj2Q5BoIaQAyNguM/QErfYDdy7lRYZxlOTOp5sK1oPfAzqABTuBWo6ZVZLkX\n23tnIEBrBh/pjuaPxSXmKTZdGeTMOucsuekCen0ILrB6bVN+fLpvn14ojA3NbHoB\n+fvSXiX4Oxte2ntVKe3wbUZjaYa1VtEXDvQnlRph1Aw1tKQOgX2SUkU8TH/+Z+4P\nad1Vp7E+y+xemOLKv6GMM1yUOSmXunztch4/u20uSBgvPqRtOd/OIPPKH9EoYVsA\nEBcTOO1JbGiMSN1uspIFtL4bXLyZwwIDAQABAoICABKcNxk1oPTBcuc9GBARI5AG\npZ/D1y7wZuw1n2aPFmUw5IJLHar9JiAtSlOCWKNKQBsfQcVY1hiewbk80omKluk8\n6yJgiHBT/8ZGpyR0qqTmgoRV4yZeGfpVZa2Cj2Y+I1XhBS9V1KFZPwnxNH0sUC62\nNxMskQwyAxkNY8e6IaEmkiGk63TLB5AFKSLD4dAPWh8WB33bglm3XaL41Yc9ddZj\n4PXiV8K6NUrvwBhR82QHLLjhFKMz4a6tug4npPd7vt04Wpod8hwi0fOcIKfp3qKy\n5Sz6g5Jfj8zZebBuA9K46KaI+fSi8V0pSat8qP/RGAgRLtBitD9jg0XJ5JihIjKA\nbndy00yZhxqJ1jd3J/a8lqdUcZdBCHz7FgbfpKcLC3TXbotNu9hb3YNh/oSqxRI0\nG9h3IXQDSd96McEmJaKQVhFbPMOFLip0AHDMw+/+H4BcSnDByehgGpgCYk+HElHj\nRRqhrbdJZpFV0c4mkEZTSzozgcauQanSTqsnp7C2F/9yOlOiacMHo/cNJD+8w2uC\nKtvu+XTypcPgnXY1/eMR7IcfkFMfP1+3J1S+7ncnitpwWo3t5A/sav5F2qekGWVW\nD/ENrbGXjkSLICDFX0jKe0ymYEn/Eh60ar1pZOB2vVv5qNzGkFT5ESjmZN5bSSyh\nGM9aYrSur1Kp3LUUBmfFAoIBAQD8e+69pM08CATdKA0pSFOGwDLvRa647nmKgqCy\niOL7fg968Gxp+GTbMuzrDfau9TnlkkwAym2Ko8J2qweORov+93+hEjl1PH5wft6L\nmWNUdOqtxunuhnPw6FWrXAWfDX6q3vHQVO4T2oxuYmhhm1+Q7ZLmvyaiokV/C4UC\nW4SBfh2lxzy8IV90zpRNpggwhJig7zSg8CiHTdd1ahVqThhzYWcFtr+e4/4HWpFW\naNFkSKASPc2dtubv5slrVBiZU0WBV4/3qwXUYlbNvOrxJo7ayLwTAS7RuA9jdpS2\nbmN4FkSyq9Pn45I/lJO+GFFncjkpZ5wgifefWcIzP1EL7VbtAoIBAQDsnCLALEy1\ng38ZD9M7C60xRw6AScUwYPLGIMvEG2AWfsK84o5iwCu3Cy3ClRAO9gD5e5XDGTrM\n3XrUQQ/Il55JClOWETMKu/Hs5w4ajIqvEXjYwGxtSR1hWeAwpUy3y78X7flY0Wgi\nTQ2kofKYeiqJOoBLUL2YgUrndXkpSuI2LJhmGArONtv1nNjc+7HiC3QMLsGJJLWn\nqPY/FkhK/X1UTv2LVhulRXQPWuB6xu3DpPeUNBbcuvH5ieWVFUzjms/B4sFGyVo5\ny4jj/JVlGpxw53H4Fa0YoDE10fsdyQ/fuTDrwRhpMqXoqBS3AXBUoFFeb6NSLXPS\nvF+QH1p69W1vAoIBAQCUwR/Ds9kHSWI0OmimreooNgzMVC3A3x/Ur2mmRmgU7AyK\nziPRu3sQekyDoFJ6ehiGXU9SF/G6AQmNiO6GsKHCsmcLqwUXQXDtLpJHhTO0ir3J\nbKxez/B3OyteLnVRZE4AtiGaMK+kGtsqHeiJuVTwukgWkwBcSWbQlyTiYrEK6hbl\nmSD7Zl4rH5rYtL2WeEjEaKqFN3lpXj9W+g1r+F8He5eLEkSLhKAiDQYb9t2HTBKj\nLK58AUrGhR6ekYl8rEcDEWfM74Ibw2SJCokRUzpPRH0qZUQEY4ENhMvRP/ByzAvl\niL7snHOJ6iuxj/pGDFIJRvYBZcfyppt4PhGuCUNxAoIBAQDDOYjKu0KHufnSeeY1\nn8rFD/X9D+Etq7BknYbDRjsgFHMlWmFVRW5MV2LoXAml7oCbWMcW9Og5RL0mCJC3\nV7J4XZbeCU7uGmjgqTxP14pOLMJjRVGxUlR1kKyUNq94Lxp66hWEnTOoqZ8KKb16\n5cHW/HgCrJnjDTr6g0j3Mxw2ytDr3AZ+Y3FV1JZyrxH0irKzoph5SdrAfX7ASuhX\nR5RzTcGRh/jDguziBn+VjjF77c+BbwE2GuGwnYDaY3rPiVrGhQwoFdbmPPOz+SJj\nC3PtDGpS4b+yw+oWmCz0RINeevTMcMRteCbAMn71CLDggm7g1ogRNAOO63KF/fiv\n33TtAoIBAG5q0MWBWpkABq77tUC6YeWZBsQ929iaplXpJaSKy/hAjYBHpvuLhwwG\n/zynM5lZhvhDrPu3R0CS1l2Uo8jpGucvDsGONfA1lVuHH8pxBW/Y5TQc4R4AjSzk\ne0Hjs3/A/TilE+z0CZycIStclKGafdg9ygROJ1iSesdhFUkn4tvtdaCjogFyvs1T\nhiNEn0DSdqlKW6zB+7+k2s00YFUOx497vkaWzy6oWiz5FuTFD+yjTJvwu1kpV8S5\nRQ2FRYg7iy7Kc/qhqSUYdUZFRGlSeq8XAtK2G3QZ61uVlQoYXv0gLsDEPahQgtc7\n+N2i9FidwJM5J+VRaM2oup1b4pOONMg=\n-----END PRIVATE KEY-----\n",
            "public_key_fingerprint_md5": "d1:e3:57:e0:40:40:2d:9b:48:25:e8:1f:64:f5:ca:9f",
            "public_key_fingerprint_sha256": "SHA256:SprM4jmrWwwAYtkoByahz0/JLd4Fqc5lkwUi5uIgBNA",
            "public_key_openssh": "ssh-rsa AAAAB3NzaC1yc2EAAAADAQABAAACAQDpXD3iTdbTX552lU8vmFZ1tkQnKKCZMVd8XYjvirAZ08Fcujl1xCaQarSh9vIYlUPVKMWFhyLfWMuQvdcFRY0IZFTmGN+Xl/gUGmvcoFH5JnI3auBMFH20+q+kUaWrSfcin2NHGM6pByVO8fBkvppjy0ksI5I4uR04bPmQkERXr6LAG0mUgpnmtlDEK58cyNTkv9ang/1qQC6+m9Vj2Pc/4cu5uhYkll+FNNPlW0MgrHNN5RXu1UIgpDiEuWZNq4ZHuBZCsK+mggyb9bobHMEcjrmVWlLe3uv2XTzOMjfTXXMm5bJYjY44zRNo9VJJhnhnT88YfdCKs/CvBIyzD9ZB9a49GVgW+MFTE1/iaxvKq7RHDIQ+63ovMK21Ly3uwkVOxYumcXnyZZ1PrR4ftj2Q5BoIaQAyNguM/QErfYDdy7lRYZxlOTOp5sK1oPfAzqABTuBWo6ZVZLkX23tnIEBrBh/pjuaPxSXmKTZdGeTMOucsuekCen0ILrB6bVN+fLpvn14ojA3NbHoB+fvSXiX4Oxte2ntVKe3wbUZjaYa1VtEXDvQnlRph1Aw1tKQOgX2SUkU8TH/+Z+4Pad1Vp7E+y+xemOLKv6GMM1yUOSmXunztch4/u20uSBgvPqRtOd/OIPPKH9EoYVsAEBcTOO1JbGiMSN1uspIFtL4bXLyZww==\n",
            "public_key_pem": "-----BEGIN PUBLIC KEY-----\nMIICIjANBgkqhkiG9w0BAQEFAAOCAg8AMIICCgKCAgEA6Vw94k3W01+edpVPL5hW\ndbZEJyigmTFXfF2I74qwGdPBXLo5dcQmkGq0ofbyGJVD1SjFhYci31jLkL3XBUWN\nCGRU5hjfl5f4FBpr3KBR+SZyN2rgTBR9tPqvpFGlq0n3Ip9jRxjOqQclTvHwZL6a\nY8tJLCOSOLkdOGz5kJBEV6+iwBtJlIKZ5rZQxCufHMjU5L/Wp4P9akAuvpvVY9j3\nP+HLuboWJJZfhTTT5VtDIKxzTeUV7tVCIKQ4hLlmTauGR7gWQrCvpoIMm/W6GxzB\nHI65lVpS3t7r9l08zjI3011zJuWyWI2OOM0TaPVSSYZ4Z0/PGH3QirPwrwSMsw/W\nQfWuPRlYFvjBUxNf4msbyqu0RwyEPut6LzCttS8t7sJFTsWLpnF58mWdT60eH7Y9\nkOQaCGkAMjYLjP0BK32A3cu5UWGcZTkzqebCtaD3wM6gAU7gVqOmVWS5F9t7ZyBA\nawYf6Y7mj8Ul5ik2XRnkzDrnLLnpAnp9CC6wem1Tfny6b59eKIwNzWx6Afn70l4l\n+DsbXtp7VSnt8G1GY2mGtVbRFw70J5UaYdQMNbSkDoF9klJFPEx//mfuD2ndVaex\nPsvsXpjiyr+hjDNclDkpl7p87XIeP7ttLkgYLz6kbTnfziDzyh/RKGFbABAXEzjt\nSWxojEjdbrKSBbS+G1y8mcMCAwEAAQ==\n-----END PUBLIC KEY-----\n",
            "rsa_bits": 4096
          },
          "sensitive_attributes": [
            [
              {
                "type": "get_attr",
                "value": "private_key_openssh"
              }
            ],
            [
              {
                "type": "get_attr",
                "value": "private_key_pem"
              }
            ],
            [
              {
                "type": "get_attr",
                "value": "private_key_pem_pkcs8"
              }
            ]
          ],
          "identity_schema_version": 0
        }
      ]
    }
  ],
  "check_results": null
}
