{
  "version": 4,
  "terraform_version": "1.14.6",
  "serial": 137,
  "lineage": "f13252ad-8aeb-b480-2197-92d16ea7a72c",
  "outputs": {
    "Counting_Instance_private_ip": {
      "value": "172.16.2.10",
      "type": "string"
    },
    "Dashboard_Instance_private_ip": {
      "value": "172.16.1.10",
      "type": "string"
    },
    "Dashboard_Instance_public_ip": {
      "value": "54.255.203.180",
      "type": "string"
    },
    "ssh_private_key": {
      "value": "/home/salai/.ssh/dashboard_counting_key_pair.pem",
      "type": "string"
    }
  },
  "resources": [
    {
      "mode": "data",
      "type": "http",
      "name": "my_ip",
      "provider": "provider[\"registry.terraform.io/hashicorp/http\"]",
      "instances": [
        {
          "schema_version": 0,
          "attributes": {
            "body": "116.89.17.84\n",
            "ca_cert_pem": null,
            "client_cert_pem": null,
            "client_key_pem": null,
            "id": "https://checkip.amazonaws.com/",
            "insecure": null,
            "method": null,
            "request_body": null,
            "request_headers": null,
            "request_timeout_ms": null,
            "response_body": "116.89.17.84\n",
            "response_body_base64": "MTE2Ljg5LjE3Ljg0Cg==",
            "response_headers": {
              "Content-Length": "13",
              "Content-Type": "text/plain;charset=UTF-8",
              "Date": "Sun, 29 Mar 2026 14:34:41 GMT",
              "Server": "nginx",
              "Vary": "Origin, Access-Control-Request-Method, Access-Control-Request-Headers"
            },
            "retry": null,
            "status_code": 200,
            "url": "https://checkip.amazonaws.com/"
          },
          "sensitive_attributes": [],
          "identity_schema_version": 0
        }
      ]
    },
    {
      "mode": "managed",
      "type": "aws_eip",
      "name": "eip_for_NAT_Gateway",
      "provider": "provider[\"registry.terraform.io/hashicorp/aws\"]",
      "instances": [
        {
          "schema_version": 0,
          "attributes": {
            "address": null,
            "allocation_id": "eipalloc-04c4494bb91faf03d",
            "arn": "arn:aws:ec2:ap-southeast-1:290094381384:elastic-ip/eipalloc-04c4494bb91faf03d",
            "associate_with_private_ip": null,
            "association_id": "",
            "carrier_ip": "",
            "customer_owned_ip": "",
            "customer_owned_ipv4_pool": "",
            "domain": "vpc",
            "id": "eipalloc-04c4494bb91faf03d",
            "instance": "",
            "ipam_pool_id": null,
            "network_border_group": "ap-southeast-1",
            "network_interface": "",
            "private_dns": null,
            "private_ip": "",
            "ptr_record": "",
            "public_dns": "ec2-52-220-78-181.ap-southeast-1.compute.amazonaws.com",
            "public_ip": "52.220.78.181",
            "public_ipv4_pool": "amazon",
            "region": "ap-southeast-1",
            "tags": {
              "Name": "EIP for NAT Gateway"
            },
            "tags_all": {
              "Name": "EIP for NAT Gateway"
            },
            "timeouts": null
          },
          "sensitive_attributes": [],
          "identity_schema_version": 0,
          "private": "eyJlMmJmYjczMC1lY2FhLTExZTYtOGY4OC0zNDM2M2JjN2M0YzAiOnsiZGVsZXRlIjoxODAwMDAwMDAwMDAsInJlYWQiOjkwMDAwMDAwMDAwMCwidXBkYXRlIjozMDAwMDAwMDAwMDB9fQ=="
        }
      ]
    },
    {
      "mode": "managed",
      "type": "aws_instance",
      "name": "Counting_Instance",
      "provider": "provider[\"registry.terraform.io/hashicorp/aws\"]",
      "instances": [
        {
          "schema_version": 2,
          "attributes": {
            "ami": "ami-0e7ff22101b84bcff",
            "arn": "arn:aws:ec2:ap-southeast-1:290094381384:instance/i-0b567c28862998807",
            "associate_public_ip_address": false,
            "availability_zone": "ap-southeast-1b",
            "capacity_reservation_specification": [
              {
                "capacity_reservation_preference": "open",
                "capacity_reservation_target": []
              }
            ],
            "cpu_options": [
              {
                "amd_sev_snp": "",
                "core_count": 1,
                "nested_virtualization": "",
                "threads_per_core": 2
              }
            ],
            "credit_specification": [
              {
                "cpu_credits": "unlimited"
              }
            ],
            "disable_api_stop": false,
            "disable_api_termination": false,
            "ebs_block_device": [],
            "ebs_optimized": false,
            "enable_primary_ipv6": null,
            "enclave_options": [
              {
                "enabled": false
              }
            ],
            "ephemeral_block_device": [],
            "force_destroy": false,
            "get_password_data": false,
            "hibernation": false,
            "host_id": "",
            "host_resource_group_arn": null,
            "iam_instance_profile": "",
            "id": "i-0b567c28862998807",
            "instance_initiated_shutdown_behavior": "stop",
            "instance_lifecycle": "",
            "instance_market_options": [],
            "instance_state": "running",
            "instance_type": "t3.micro",
            "ipv6_address_count": 0,
            "ipv6_addresses": [],
            "key_name": "dashboard_counting_key_pair",
            "launch_template": [],
            "maintenance_options": [
              {
                "auto_recovery": "default"
              }
            ],
            "metadata_options": [
              {
                "http_endpoint": "enabled",
                "http_protocol_ipv6": "disabled",
                "http_put_response_hop_limit": 2,
                "http_tokens": "required",
                "instance_metadata_tags": "disabled"
              }
            ],
            "monitoring": false,
            "network_interface": [],
            "outpost_arn": "",
            "password_data": "",
            "placement_group": "",
            "placement_group_id": "",
            "placement_partition_number": 0,
            "primary_network_interface": [
              {
                "delete_on_termination": true,
                "network_interface_id": "eni-05108f96e3ec61c63"
              }
            ],
            "primary_network_interface_id": "eni-05108f96e3ec61c63",
            "private_dns": "ip-172-16-2-10.ap-southeast-1.compute.internal",
            "private_dns_name_options": [
              {
                "enable_resource_name_dns_a_record": false,
                "enable_resource_name_dns_aaaa_record": false,
                "hostname_type": "ip-name"
              }
            ],
            "private_ip": "172.16.2.10",
            "public_dns": "",
            "public_ip": "",
            "region": "ap-southeast-1",
            "root_block_device": [
              {
                "delete_on_termination": true,
                "device_name": "/dev/sda1",
                "encrypted": false,
                "iops": 3000,
                "kms_key_id": "",
                "tags": {},
                "tags_all": {},
                "throughput": 125,
                "volume_id": "vol-00800819884c7d1ad",
                "volume_size": 8,
                "volume_type": "gp3"
              }
            ],
            "secondary_network_interface": [],
            "secondary_private_ips": [],
            "security_groups": [],
            "source_dest_check": true,
            "spot_instance_request_id": "",
            "subnet_id": "subnet-0cd1d2e750dd79d45",
            "tags": {
              "Name": "Counting Service"
            },
            "tags_all": {
              "Name": "Counting Service"
            },
            "tenancy": "default",
            "timeouts": null,
            "user_data": "#!/bin/bash\nset -e\n\napt-get update -y\napt-get install -y curl unzip\n\n# Download Counting binary\ncurl -L https://github.com/hashicorp/demo-consul-101/releases/download/v0.0.5/counting-service_linux_amd64.zip \\\n  -o /tmp/counting.zip\ncd /tmp \u0026\u0026 unzip -o counting.zip\nmv /tmp/counting-service_linux_amd64 /usr/local/bin/counting-service\nchmod +x /usr/local/bin/counting-service\n\n# Create systemd service\ncat \u003c\u003c'SERVICE' \u003e /etc/systemd/system/counting.service\n[Unit]\nDescription=Counting Service\nAfter=network.target\n\n[Service]\nEnvironment=\"PORT=9003\"\nExecStart=/usr/local/bin/counting-service\nRestart=always\nRestartSec=5\n\n[Install]\nWantedBy=multi-user.target\nSERVICE\n\nsystemctl daemon-reload\nsystemctl enable --now counting\n",
            "user_data_base64": null,
            "user_data_replace_on_change": false,
            "volume_tags": null,
            "vpc_security_group_ids": [
              "sg-057856fbf32c9cf81"
            ]
          },
          "sensitive_attributes": [],
          "identity_schema_version": 0,
          "identity": {
            "account_id": "290094381384",
            "id": "i-0b567c28862998807",
            "region": "ap-southeast-1"
          },
          "private": "eyJlMmJmYjczMC1lY2FhLTExZTYtOGY4OC0zNDM2M2JjN2M0YzAiOnsiY3JlYXRlIjo2MDAwMDAwMDAwMDAsImRlbGV0ZSI6MTIwMDAwMDAwMDAwMCwicmVhZCI6OTAwMDAwMDAwMDAwLCJ1cGRhdGUiOjYwMDAwMDAwMDAwMH0sInNjaGVtYV92ZXJzaW9uIjoiMiJ9",
          "dependencies": [
            "aws_key_pair.dashboard_counting_key_pair",
            "aws_security_group.Security_Group_for_Counting",
            "aws_security_group.Security_Group_for_Dashboard",
            "aws_subnet.Private_Subnet_for_Counting",
            "aws_vpc.Dashboard_Counting_App_VPC",
            "data.http.my_ip",
            "tls_private_key.dashboard_counting_key_pair"
          ]
        }
      ]
    },
    {
      "mode": "managed",
      "type": "aws_instance",
      "name": "Dashboard_Instance",
      "provider": "provider[\"registry.terraform.io/hashicorp/aws\"]",
      "instances": [
        {
          "schema_version": 2,
          "attributes": {
            "ami": "ami-0e7ff22101b84bcff",
            "arn": "arn:aws:ec2:ap-southeast-1:290094381384:instance/i-0f0d43d17044db65f",
            "associate_public_ip_address": true,
            "availability_zone": "ap-southeast-1a",
            "capacity_reservation_specification": [
              {
                "capacity_reservation_preference": "open",
                "capacity_reservation_target": []
              }
            ],
            "cpu_options": [
              {
                "amd_sev_snp": "",
                "core_count": 1,
                "nested_virtualization": "",
                "threads_per_core": 2
              }
            ],
            "credit_specification": [
              {
                "cpu_credits": "unlimited"
              }
            ],
            "disable_api_stop": false,
            "disable_api_termination": false,
            "ebs_block_device": [],
            "ebs_optimized": false,
            "enable_primary_ipv6": null,
            "enclave_options": [
              {
                "enabled": false
              }
            ],
            "ephemeral_block_device": [],
            "force_destroy": false,
            "get_password_data": false,
            "hibernation": false,
            "host_id": "",
            "host_resource_group_arn": null,
            "iam_instance_profile": "",
            "id": "i-0f0d43d17044db65f",
            "instance_initiated_shutdown_behavior": "stop",
            "instance_lifecycle": "",
            "instance_market_options": [],
            "instance_state": "running",
            "instance_type": "t3.micro",
            "ipv6_address_count": 0,
            "ipv6_addresses": [],
            "key_name": "dashboard_counting_key_pair",
            "launch_template": [],
            "maintenance_options": [
              {
                "auto_recovery": "default"
              }
            ],
            "metadata_options": [
              {
                "http_endpoint": "enabled",
                "http_protocol_ipv6": "disabled",
                "http_put_response_hop_limit": 2,
                "http_tokens": "required",
                "instance_metadata_tags": "disabled"
              }
            ],
            "monitoring": false,
            "network_interface": [],
            "outpost_arn": "",
            "password_data": "",
            "placement_group": "",
            "placement_group_id": "",
            "placement_partition_number": 0,
            "primary_network_interface": [
              {
                "delete_on_termination": true,
                "network_interface_id": "eni-003809e5abcc17af9"
              }
            ],
            "primary_network_interface_id": "eni-003809e5abcc17af9",
            "private_dns": "ip-172-16-1-10.ap-southeast-1.compute.internal",
            "private_dns_name_options": [
              {
                "enable_resource_name_dns_a_record": false,
                "enable_resource_name_dns_aaaa_record": false,
                "hostname_type": "ip-name"
              }
            ],
            "private_ip": "172.16.1.10",
            "public_dns": "ec2-54-255-203-180.ap-southeast-1.compute.amazonaws.com",
            "public_ip": "54.255.203.180",
            "region": "ap-southeast-1",
            "root_block_device": [
              {
                "delete_on_termination": true,
                "device_name": "/dev/sda1",
                "encrypted": false,
                "iops": 3000,
                "kms_key_id": "",
                "tags": {},
                "tags_all": {},
                "throughput": 125,
                "volume_id": "vol-038e2b2e2cf113c3a",
                "volume_size": 8,
                "volume_type": "gp3"
              }
            ],
            "secondary_network_interface": [],
            "secondary_private_ips": [],
            "security_groups": [],
            "source_dest_check": true,
            "spot_instance_request_id": "",
            "subnet_id": "subnet-0de5648818b4fe2a5",
            "tags": {
              "Name": "Dashboard Service"
            },
            "tags_all": {
              "Name": "Dashboard Service"
            },
            "tenancy": "default",
            "timeouts": null,
            "user_data": "#!/bin/bash\nset -e\n\n# Ubuntu uses apt\napt-get update -y\napt-get install -y unzip curl\n\n# Download Dashboard binary\ncurl -L https://github.com/hashicorp/demo-consul-101/releases/download/v0.0.5/dashboard-service_linux_amd64.zip \\\n  -o /tmp/dashboard.zip\ncd /tmp \u0026\u0026 unzip -o dashboard.zip\nmv /tmp/dashboard-service_linux_amd64 /usr/local/bin/dashboard-service\nchmod +x /usr/local/bin/dashboard-service\n\n# Create systemd service\ncat \u003c\u003c'SERVICE' \u003e /etc/systemd/system/dashboard.service\n[Unit]\nDescription=Dashboard Service\nAfter=network.target\n\n[Service]\nEnvironment=\"PORT=9002\"\nEnvironment=\"COUNTING_SERVICE_URL=http://172.16.2.10:9003\"\nExecStart=/usr/local/bin/dashboard-service\nRestart=always\nRestartSec=5\n\n[Install]\nWantedBy=multi-user.target\nSERVICE\n\nsystemctl daemon-reload\nsystemctl enable --now dashboard\n\n# Copy private key so Dashboard EC2 can SSH into Counting EC2\nmkdir -p /home/ubuntu/.ssh\necho \"-----BEGIN RSA PRIVATE KEY-----\nMIIJKAIBAAKCAgEAxNyE9FKGkbLz5U+ru6NKA3twfgKkPVX/gXCW9Ls0f5NyAqVZ\nNvsSx8ZcGaFlQZu+R0+f6W5QnZ9pIltECd8kCa2wjAUNbocVz+7LP+qsRu5qDM9u\nKYcAKFN8ubXJGKxnAOkfROUDX15hu8NI+oDjc2jARCD4zreJk4/+bZZrsDzsqvfE\n1jFAntIA/QJ+gvuA73MtrexXny79j/cGJ2a2pEf/iPq3uAddaMqXr/u88xCmwLNC\n09DjXWqa5BqgcsXQfFS/b2uYWx/uo63mJDiBvRhWaeDb7Hfy0rdXuWVp+XZqN6kd\n5LicSQh8w/A1ZauZNnlKqCc8/TsNwa1X+M3k73ZVrnkk4kls8vZKK30t49cQAky+\nC3xal/d/2KS6MzLEwzpPbkVCLCh3m1GupWEkJrWuK9y/oTOR6aqv/79JGw9hV5UX\nSD5716Mq3c1Gpi0fa7imd5abk2LGxfsbdmEE/78T9o6J4mh4dGoja4oh9po/juQi\n+r4Jf17XFBTYRpikAcRRnPpvoG8tRGjHXitk/Mfz02WOp2JPy/8qoZFxDy1fJFsG\nF6S1sfgk9ue9EZ2Xzr1Q4oqwgH/eNdcatIXRSUxB0YGiIdppMg7JwFbD5PNqfjUY\nlPKIQNUxSbW8JYIEsoDRU1XzgD2XC7JAPM4AwAThin1FXmVhTWGKM80sB5kCAwEA\nAQKCAgAEU6AnoBKdfalpNfhDLHYBf/7rX+Wf4WRIsLcARthl4MXiOt338QpQ4Kxy\nB09cQBTKaMJ8auR5jmQHTpL5OQYfLMnuqvsfnZo3GgQWnZuRwZ4Ae8HOmCpIhD+W\nrfKGXTt6OitBPopM6aIaw9Jwrb9JR5ZaYbOW8YFSjA2Fpe/mSoAjNETqTWwLR2DP\nUakxHNPWslZskHOx6qhFbDnkYEycMyD9WJzGCbvyLN5CSMylHzxFi7sRbvGVDemZ\nz4KkNU9jH29wUCxSZmRtBNXbcbY4FQWDL3C8ggGQw1loNYWC28BWBLPcD7N4L1yA\nRMQQCY3wv6ungCS6cc3A8ESV6UqN+1qDfbIIC057C6gIGpZpYDb+bTBfaU6iWO6Q\ndoH9SOJg/HteyZlLqHaw0ZVIdZt0JXwcY/2lIvmZqjhnpIRnsWmIbJzYSljy5+eS\nrcgZgqobv/yBH2Aj6Rks0B2Xs6IAxqcC5jeH2e6o5D3ECmca1qjjPmZXyoz7+dfc\n1uylIiWWxvZjUnLmZn55HCJWXkLtr///o+EqOxcK5BGyNhoyjLX7x591Lpr3/F8c\nbaV5azEUjBM+LT5EzifxIwWN7PeubdyFLbjHJ2iP7OxTv4Be98hs99QL2Qewp7PA\nlZ8j6p+JSetFLvjlTKEX3FcNKwlWl1qTMOuRzqqQmmIh/Qn6zQKCAQEA7SqUiUA2\nc/m7kZCyTQGuyfEdwSOEDDaxfLSfedXumUSzs1NtXcuiHDbB5g5csAJrXK8Qxd5W\n2x4ZuXCS0npwrCgVJUzzqOecR9qK6wFX9w8a51HOiSt0UixpxMu8A7yhj57SvlT8\nGV+AixB4bm6v4wlXO+fIfVGxIXUAZOLJSbJ0WZnx8JlxZS63zvaWY7JoOntBNFP+\ni04scKcrYxx8+hkUAuQQfG7SGtYXYnJ4SxlOyEnUEzU4B7QmeQ1RY/JHwoYmxGO0\nk5deuIlwbC8p+aYEAlJXoUslzSNnhUlwTkc/YQ1ngkNrZcolVf49R1yh4ZLUY/x6\nkFPP46AyasNPJQKCAQEA1H6Rtc/Zsl5CJmmPy5Y5x23gcftG9W8KYas22CBbgDJ3\n1tW+Yc2nb7MyW6P+GNtUcdx7kx+JtY2P83cOHJ7NezrGaWirNa3s5hSOJn9zvv7q\n2jqCuXp5zVhek3VzjB9jmUXnKalo6CMkkBLEKFJRZJ64O/Mugc6edw+cJzoFvsC4\n8pMqroIwSz1e1iPaRlN1lnlPQQ/CLHEfv7ihPVYjvb1e8VF67uhqOCrhyyHlLfA/\nwsiORv7ENg+yI2VJxQIhTsi+QjbBCQD8X/5cK3av9AnYKxrtzlBFhimAgCDO0COH\n6Qi+v9pRFsrgv9/+pVnVBj9RTGNod0EOiGknV/w2ZQKCAQATXUGpfzOy/nYBKaZV\nQUjrNiOuzF6QvLp7KyhGQ2Bq5UAi6THp0aGX2iS0ywFoYZowhB7DeSbwVyHUkUt7\nogGnHNK1K/ZNGTQabc6f54kuI+6XaoeJjaG+v9+W8OeWCoXKezZL0haPX8vYDu02\nXxU/XVjhDEjDarMivzHcCuRSfx6e3kHx2iV3FHxvipS26S83by7gvebvqt9YB140\nhnPx27BVmBd8gXPoOwjHwf7uas+S7OxC8Tp07pGhmqPFnFedm2R47ock8dwLBzXF\nr4gm2RZEtkJvafpZKIXgTSG9UnXrT7Pe3/BZ7EpmHg8Uz4xsJZfv3gKH3EACHude\n7jl9AoIBAQC5YBWTq9j5z1scEZk9fTe4sDVOmmyj7pP68pes4kWQx/Zd+CfXQMbi\nHk0/PwiL/MNldXhkt+218eJz/hfUhgEykOrIyGQcNzfk3GfKVAPQyqhtav/h+WPK\n7V3MfHkp87Q64Y2xfbYkVYwvGAACQRX6lrCYtCSNX4hEy9xpKCgc6hounI5uoOqq\nqMZUQADKu0Jo3Dl0w9+cT6/n3JTlYoFZpJvwICoDw8PubhJ+2HoLonytW7MrYlQf\n6X95e4JomNwf0+aO8x9h0Hda8xbLYAZN+kyYBi0RgFu2l/wfSv/A+k410Mg/rKBz\nJtf869dFvuGlSpWM82gOKTYZcMq+6is1AoIBAAj+nN8WPYshXJt5HeVf4rSqpH9x\n6DQwk5gGIiFkwYtYjPCaaVIb/grieIdpb/+WbHhUSkiwvho7r9SiFnJayr53QBvW\nxRcKqqiPpmAIrpctcHEIWOghvfdc+wE/pChLrWOX9IGrpcGpAi4lNsrm4Yz8dwzg\nlqrAD0CE8DxwQvrYGKsjIVJ9V7wIL+tDtpc8eyb3aq6iBbP46Wj6Njgla4CXrZGp\n+KreUeCC1ufw1n2v4o4BLOIrsbOCzAzjXqCiWMtfKnjMKSbC6s2kyVvEXw25CK/B\n3NO+oa2yHX9bXAvGpebvvatWsIW5W0QMQ0p500Z4N1CJ7vjfH8idmv6qhZw=\n-----END RSA PRIVATE KEY-----\n\" \\\n  \u003e /home/ubuntu/.ssh/dashboard_counting_key_pair.pem\nchmod 600 /home/ubuntu/.ssh/dashboard_counting_key_pair.pem\nchown ubuntu:ubuntu /home/ubuntu/.ssh/dashboard_counting_key_pair.pem\n",
            "user_data_base64": null,
            "user_data_replace_on_change": false,
            "volume_tags": null,
            "vpc_security_group_ids": [
              "sg-026552c82830cae51"
            ]
          },
          "sensitive_attributes": [
            [
              {
                "type": "get_attr",
                "value": "user_data"
              }
            ]
          ],
          "identity_schema_version": 0,
          "identity": {
            "account_id": "290094381384",
            "id": "i-0f0d43d17044db65f",
            "region": "ap-southeast-1"
          },
          "private": "eyJlMmJmYjczMC1lY2FhLTExZTYtOGY4OC0zNDM2M2JjN2M0YzAiOnsiY3JlYXRlIjo2MDAwMDAwMDAwMDAsImRlbGV0ZSI6MTIwMDAwMDAwMDAwMCwicmVhZCI6OTAwMDAwMDAwMDAwLCJ1cGRhdGUiOjYwMDAwMDAwMDAwMH0sInNjaGVtYV92ZXJzaW9uIjoiMiJ9",
          "dependencies": [
            "aws_instance.Counting_Instance",
            "aws_key_pair.dashboard_counting_key_pair",
            "aws_security_group.Security_Group_for_Counting",
            "aws_security_group.Security_Group_for_Dashboard",
            "aws_subnet.Private_Subnet_for_Counting",
            "aws_subnet.Public_Subnet_for_Dashboard",
            "aws_vpc.Dashboard_Counting_App_VPC",
            "data.http.my_ip",
            "tls_private_key.dashboard_counting_key_pair"
          ]
        }
      ]
    },
    {
      "mode": "managed",
      "type": "aws_internet_gateway",
      "name": "igw",
      "provider": "provider[\"registry.terraform.io/hashicorp/aws\"]",
      "instances": [
        {
          "schema_version": 0,
          "attributes": {
            "arn": "arn:aws:ec2:ap-southeast-1:290094381384:internet-gateway/igw-05ac16428de9264fc",
            "id": "igw-05ac16428de9264fc",
            "owner_id": "290094381384",
            "region": "ap-southeast-1",
            "tags": {
              "Name": "Dashboard Counting App Internet Gateway"
            },
            "tags_all": {
              "Name": "Dashboard Counting App Internet Gateway"
            },
            "timeouts": null,
            "vpc_id": "vpc-02a807e6509170e64"
          },
          "sensitive_attributes": [],
          "identity_schema_version": 0,
          "private": "eyJlMmJmYjczMC1lY2FhLTExZTYtOGY4OC0zNDM2M2JjN2M0YzAiOnsiY3JlYXRlIjoxMjAwMDAwMDAwMDAwLCJkZWxldGUiOjEyMDAwMDAwMDAwMDAsInVwZGF0ZSI6MTIwMDAwMDAwMDAwMH19",
          "dependencies": [
            "aws_vpc.Dashboard_Counting_App_VPC"
          ]
        }
      ]
    },
    {
      "mode": "managed",
      "type": "aws_key_pair",
      "name": "dashboard_counting_key_pair",
      "provider": "provider[\"registry.terraform.io/hashicorp/aws\"]",
      "instances": [
        {
          "schema_version": 1,
          "attributes": {
            "arn": "arn:aws:ec2:ap-southeast-1:290094381384:key-pair/dashboard_counting_key_pair",
            "fingerprint": "17:38:bc:45:00:46:17:b1:92:8f:d2:b9:43:e1:28:c6",
            "id": "dashboard_counting_key_pair",
            "key_name": "dashboard_counting_key_pair",
            "key_name_prefix": "",
            "key_pair_id": "key-047a9c48386c762ac",
            "key_type": "rsa",
            "public_key": "ssh-rsa AAAAB3NzaC1yc2EAAAADAQABAAACAQDE3IT0UoaRsvPlT6u7o0oDe3B+AqQ9Vf+BcJb0uzR/k3ICpVk2+xLHxlwZoWVBm75HT5/pblCdn2kiW0QJ3yQJrbCMBQ1uhxXP7ss/6qxG7moMz24phwAoU3y5tckYrGcA6R9E5QNfXmG7w0j6gONzaMBEIPjOt4mTj/5tlmuwPOyq98TWMUCe0gD9An6C+4Dvcy2t7FefLv2P9wYnZrakR/+I+re4B11oypev+7zzEKbAs0LT0ONdaprkGqByxdB8VL9va5hbH+6jreYkOIG9GFZp4Nvsd/LSt1e5ZWn5dmo3qR3kuJxJCHzD8DVlq5k2eUqoJzz9Ow3BrVf4zeTvdlWueSTiSWzy9korfS3j1xACTL4LfFqX93/YpLozMsTDOk9uRUIsKHebUa6lYSQmta4r3L+hM5Hpqq//v0kbD2FXlRdIPnvXoyrdzUamLR9ruKZ3lpuTYsbF+xt2YQT/vxP2joniaHh0aiNriiH2mj+O5CL6vgl/XtcUFNhGmKQBxFGc+m+gby1EaMdeK2T8x/PTZY6nYk/L/yqhkXEPLV8kWwYXpLWx+CT2570RnZfOvVDiirCAf9411xq0hdFJTEHRgaIh2mkyDsnAVsPk82p+NRiU8ohA1TFJtbwlggSygNFTVfOAPZcLskA8zgDABOGKfUVeZWFNYYozzSwHmQ==",
            "region": "ap-southeast-1",
            "tags": {
              "Name": "dashboard_counting_key_pair"
            },
            "tags_all": {
              "Name": "dashboard_counting_key_pair"
            }
          },
          "sensitive_attributes": [],
          "identity_schema_version": 0,
          "private": "eyJzY2hlbWFfdmVyc2lvbiI6IjEifQ==",
          "dependencies": [
            "tls_private_key.dashboard_counting_key_pair"
          ]
        }
      ]
    },
    {
      "mode": "managed",
      "type": "aws_nat_gateway",
      "name": "ngw",
      "provider": "provider[\"registry.terraform.io/hashicorp/aws\"]",
      "instances": [
        {
          "schema_version": 0,
          "attributes": {
            "allocation_id": "eipalloc-04c4494bb91faf03d",
            "association_id": "eipassoc-098e030cec3ad0ffc",
            "auto_provision_zones": null,
            "auto_scaling_ips": null,
            "availability_mode": "zonal",
            "availability_zone_address": [],
            "connectivity_type": "public",
            "id": "nat-05c5ee9e3424159bc",
            "network_interface_id": "eni-030a96fcac9df02f4",
            "private_ip": "172.16.1.145",
            "public_ip": "52.220.78.181",
            "region": "ap-southeast-1",
            "regional_nat_gateway_address": [],
            "regional_nat_gateway_auto_mode": null,
            "route_table_id": null,
            "secondary_allocation_ids": [],
            "secondary_private_ip_address_count": 0,
            "secondary_private_ip_addresses": [],
            "subnet_id": "subnet-0de5648818b4fe2a5",
            "tags": {
              "Name": "NAT Gateway"
            },
            "tags_all": {
              "Name": "NAT Gateway"
            },
            "timeouts": null,
            "vpc_id": "vpc-02a807e6509170e64"
          },
          "sensitive_attributes": [],
          "identity_schema_version": 0,
          "private": "eyJlMmJmYjczMC1lY2FhLTExZTYtOGY4OC0zNDM2M2JjN2M0YzAiOnsiY3JlYXRlIjo2MDAwMDAwMDAwMDAsImRlbGV0ZSI6MTgwMDAwMDAwMDAwMCwidXBkYXRlIjo2MDAwMDAwMDAwMDB9fQ==",
          "dependencies": [
            "aws_eip.eip_for_NAT_Gateway",
            "aws_internet_gateway.igw",
            "aws_subnet.Public_Subnet_for_Dashboard",
            "aws_vpc.Dashboard_Counting_App_VPC"
          ]
        }
      ]
    },
    {
      "mode": "managed",
      "type": "aws_route",
      "name": "igw_route_for_Public_Route_Table_for_Dashboard",
      "provider": "provider[\"registry.terraform.io/hashicorp/aws\"]",
      "instances": [
        {
          "schema_version": 0,
          "attributes": {
            "carrier_gateway_id": "",
            "core_network_arn": "",
            "destination_cidr_block": "0.0.0.0/0",
            "destination_ipv6_cidr_block": "",
            "destination_prefix_list_id": "",
            "egress_only_gateway_id": "",
            "gateway_id": "igw-05ac16428de9264fc",
            "id": "r-rtb-002a24553d9c31a051080289494",
            "instance_id": "",
            "instance_owner_id": "",
            "local_gateway_id": "",
            "nat_gateway_id": "",
            "network_interface_id": "",
            "origin": "CreateRoute",
            "region": "ap-southeast-1",
            "route_table_id": "rtb-002a24553d9c31a05",
            "state": "active",
            "timeouts": null,
            "transit_gateway_id": "",
            "vpc_endpoint_id": "",
            "vpc_peering_connection_id": ""
          },
          "sensitive_attributes": [],
          "identity_schema_version": 0,
          "identity": {
            "account_id": "290094381384",
            "destination_cidr_block": "0.0.0.0/0",
            "destination_ipv6_cidr_block": null,
            "destination_prefix_list_id": null,
            "region": "ap-southeast-1",
            "route_table_id": "rtb-002a24553d9c31a05"
          },
          "private": "eyJlMmJmYjczMC1lY2FhLTExZTYtOGY4OC0zNDM2M2JjN2M0YzAiOnsiY3JlYXRlIjozMDAwMDAwMDAwMDAsImRlbGV0ZSI6MzAwMDAwMDAwMDAwLCJ1cGRhdGUiOjEyMDAwMDAwMDAwMH19",
          "dependencies": [
            "aws_internet_gateway.igw",
            "aws_route_table.Public_Route_Table_for_Dashboard",
            "aws_vpc.Dashboard_Counting_App_VPC"
          ]
        }
      ]
    },
    {
      "mode": "managed",
      "type": "aws_route",
      "name": "ngw_route_for_Private_Route_Table_for_Counting",
      "provider": "provider[\"registry.terraform.io/hashicorp/aws\"]",
      "instances": [
        {
          "schema_version": 0,
          "attributes": {
            "carrier_gateway_id": "",
            "core_network_arn": "",
            "destination_cidr_block": "0.0.0.0/0",
            "destination_ipv6_cidr_block": "",
            "destination_prefix_list_id": "",
            "egress_only_gateway_id": "",
            "gateway_id": "",
            "id": "r-rtb-0ddcf9c4d35507b961080289494",
            "instance_id": "",
            "instance_owner_id": "",
            "local_gateway_id": "",
            "nat_gateway_id": "nat-05c5ee9e3424159bc",
            "network_interface_id": "",
            "origin": "CreateRoute",
            "region": "ap-southeast-1",
            "route_table_id": "rtb-0ddcf9c4d35507b96",
            "state": "active",
            "timeouts": null,
            "transit_gateway_id": "",
            "vpc_endpoint_id": "",
            "vpc_peering_connection_id": ""
          },
          "sensitive_attributes": [],
          "identity_schema_version": 0,
          "identity": {
            "account_id": "290094381384",
            "destination_cidr_block": "0.0.0.0/0",
            "destination_ipv6_cidr_block": null,
            "destination_prefix_list_id": null,
            "region": "ap-southeast-1",
            "route_table_id": "rtb-0ddcf9c4d35507b96"
          },
          "private": "eyJlMmJmYjczMC1lY2FhLTExZTYtOGY4OC0zNDM2M2JjN2M0YzAiOnsiY3JlYXRlIjozMDAwMDAwMDAwMDAsImRlbGV0ZSI6MzAwMDAwMDAwMDAwLCJ1cGRhdGUiOjEyMDAwMDAwMDAwMH19",
          "dependencies": [
            "aws_eip.eip_for_NAT_Gateway",
            "aws_internet_gateway.igw",
            "aws_nat_gateway.ngw",
            "aws_route_table.Private_Route_Table_for_Counting",
            "aws_subnet.Public_Subnet_for_Dashboard",
            "aws_vpc.Dashboard_Counting_App_VPC"
          ]
        }
      ]
    },
    {
      "mode": "managed",
      "type": "aws_route_table",
      "name": "Private_Route_Table_for_Counting",
      "provider": "provider[\"registry.terraform.io/hashicorp/aws\"]",
      "instances": [
        {
          "schema_version": 0,
          "attributes": {
            "arn": "arn:aws:ec2:ap-southeast-1:290094381384:route-table/rtb-0ddcf9c4d35507b96",
            "id": "rtb-0ddcf9c4d35507b96",
            "owner_id": "290094381384",
            "propagating_vgws": [],
            "region": "ap-southeast-1",
            "route": [],
            "tags": {
              "Name": "Private Route Table for Counting"
            },
            "tags_all": {
              "Name": "Private Route Table for Counting"
            },
            "timeouts": null,
            "vpc_id": "vpc-02a807e6509170e64"
          },
          "sensitive_attributes": [],
          "identity_schema_version": 0,
          "identity": {
            "account_id": "290094381384",
            "id": "rtb-0ddcf9c4d35507b96",
            "region": "ap-southeast-1"
          },
          "private": "eyJlMmJmYjczMC1lY2FhLTExZTYtOGY4OC0zNDM2M2JjN2M0YzAiOnsiY3JlYXRlIjozMDAwMDAwMDAwMDAsImRlbGV0ZSI6MzAwMDAwMDAwMDAwLCJ1cGRhdGUiOjEyMDAwMDAwMDAwMH19",
          "dependencies": [
            "aws_vpc.Dashboard_Counting_App_VPC"
          ]
        }
      ]
    },
    {
      "mode": "managed",
      "type": "aws_route_table",
      "name": "Public_Route_Table_for_Dashboard",
      "provider": "provider[\"registry.terraform.io/hashicorp/aws\"]",
      "instances": [
        {
          "schema_version": 0,
          "attributes": {
            "arn": "arn:aws:ec2:ap-southeast-1:290094381384:route-table/rtb-002a24553d9c31a05",
            "id": "rtb-002a24553d9c31a05",
            "owner_id": "290094381384",
            "propagating_vgws": [],
            "region": "ap-southeast-1",
            "route": [],
            "tags": {
              "Name": "Public Route Table for Dashboard"
            },
            "tags_all": {
              "Name": "Public Route Table for Dashboard"
            },
            "timeouts": null,
            "vpc_id": "vpc-02a807e6509170e64"
          },
          "sensitive_attributes": [],
          "identity_schema_version": 0,
          "identity": {
            "account_id": "290094381384",
            "id": "rtb-002a24553d9c31a05",
            "region": "ap-southeast-1"
          },
          "private": "eyJlMmJmYjczMC1lY2FhLTExZTYtOGY4OC0zNDM2M2JjN2M0YzAiOnsiY3JlYXRlIjozMDAwMDAwMDAwMDAsImRlbGV0ZSI6MzAwMDAwMDAwMDAwLCJ1cGRhdGUiOjEyMDAwMDAwMDAwMH19",
          "dependencies": [
            "aws_vpc.Dashboard_Counting_App_VPC"
          ]
        }
      ]
    },
    {
      "mode": "managed",
      "type": "aws_route_table_association",
      "name": "Private_Subnet_Association_with_Subnet",
      "provider": "provider[\"registry.terraform.io/hashicorp/aws\"]",
      "instances": [
        {
          "schema_version": 0,
          "attributes": {
            "gateway_id": "",
            "id": "rtbassoc-0e579a47320995cbb",
            "region": "ap-southeast-1",
            "route_table_id": "rtb-0ddcf9c4d35507b96",
            "subnet_id": "subnet-0cd1d2e750dd79d45",
            "timeouts": null
          },
          "sensitive_attributes": [],
          "identity_schema_version": 0,
          "private": "eyJlMmJmYjczMC1lY2FhLTExZTYtOGY4OC0zNDM2M2JjN2M0YzAiOnsiY3JlYXRlIjozMDAwMDAwMDAwMDAsImRlbGV0ZSI6MzAwMDAwMDAwMDAwLCJ1cGRhdGUiOjEyMDAwMDAwMDAwMH19",
          "dependencies": [
            "aws_route_table.Private_Route_Table_for_Counting",
            "aws_subnet.Private_Subnet_for_Counting",
            "aws_vpc.Dashboard_Counting_App_VPC"
          ]
        }
      ]
    },
    {
      "mode": "managed",
      "type": "aws_route_table_association",
      "name": "Public_Subnet_Association_with_Subnet",
      "provider": "provider[\"registry.terraform.io/hashicorp/aws\"]",
      "instances": [
        {
          "schema_version": 0,
          "attributes": {
            "gateway_id": "",
            "id": "rtbassoc-0fc790d058cdb4de7",
            "region": "ap-southeast-1",
            "route_table_id": "rtb-002a24553d9c31a05",
            "subnet_id": "subnet-0de5648818b4fe2a5",
            "timeouts": null
          },
          "sensitive_attributes": [],
          "identity_schema_version": 0,
          "private": "eyJlMmJmYjczMC1lY2FhLTExZTYtOGY4OC0zNDM2M2JjN2M0YzAiOnsiY3JlYXRlIjozMDAwMDAwMDAwMDAsImRlbGV0ZSI6MzAwMDAwMDAwMDAwLCJ1cGRhdGUiOjEyMDAwMDAwMDAwMH19",
          "dependencies": [
            "aws_route_table.Public_Route_Table_for_Dashboard",
            "aws_subnet.Public_Subnet_for_Dashboard",
            "aws_vpc.Dashboard_Counting_App_VPC"
          ]
        }
      ]
    },
    {
      "mode": "managed",
      "type": "aws_security_group",
      "name": "Security_Group_for_Counting",
      "provider": "provider[\"registry.terraform.io/hashicorp/aws\"]",
      "instances": [
        {
          "schema_version": 1,
          "attributes": {
            "arn": "arn:aws:ec2:ap-southeast-1:290094381384:security-group/sg-057856fbf32c9cf81",
            "description": "Security group for the counting service allowing inbound traffic from the dashboard and all outbound traffic",
            "egress": [
              {
                "cidr_blocks": [
                  "0.0.0.0/0"
                ],
                "description": "Allow all outbound traffic",
                "from_port": 0,
                "ipv6_cidr_blocks": [],
                "prefix_list_ids": [],
                "protocol": "-1",
                "security_groups": [],
                "self": false,
                "to_port": 0
              }
            ],
            "id": "sg-057856fbf32c9cf81",
            "ingress": [
              {
                "cidr_blocks": [
                  "116.89.17.84/32"
                ],
                "description": "SSH from local network",
                "from_port": 22,
                "ipv6_cidr_blocks": [],
                "prefix_list_ids": [],
                "protocol": "tcp",
                "security_groups": [],
                "self": false,
                "to_port": 22
              },
              {
                "cidr_blocks": [],
                "description": "Allow ssh from dashboard instance",
                "from_port": 22,
                "ipv6_cidr_blocks": [],
                "prefix_list_ids": [],
                "protocol": "tcp",
                "security_groups": [
                  "sg-026552c82830cae51"
                ],
                "self": false,
                "to_port": 22
              },
              {
                "cidr_blocks": [],
                "description": "Counting service HTTP from dashboard instance",
                "from_port": 9003,
                "ipv6_cidr_blocks": [],
                "prefix_list_ids": [],
                "protocol": "tcp",
                "security_groups": [
                  "sg-026552c82830cae51"
                ],
                "self": false,
                "to_port": 9003
              }
            ],
            "name": "Security_Group_for_Counting",
            "name_prefix": "",
            "owner_id": "290094381384",
            "region": "ap-southeast-1",
            "revoke_rules_on_delete": false,
            "tags": {
              "Name": "Security_Group_for_Counting"
            },
            "tags_all": {
              "Name": "Security_Group_for_Counting"
            },
            "timeouts": null,
            "vpc_id": "vpc-02a807e6509170e64"
          },
          "sensitive_attributes": [],
          "identity_schema_version": 0,
          "identity": {
            "account_id": "290094381384",
            "id": "sg-057856fbf32c9cf81",
            "region": "ap-southeast-1"
          },
          "private": "eyJlMmJmYjczMC1lY2FhLTExZTYtOGY4OC0zNDM2M2JjN2M0YzAiOnsiY3JlYXRlIjo2MDAwMDAwMDAwMDAsImRlbGV0ZSI6OTAwMDAwMDAwMDAwfSwic2NoZW1hX3ZlcnNpb24iOiIxIn0=",
          "dependencies": [
            "aws_security_group.Security_Group_for_Dashboard",
            "aws_vpc.Dashboard_Counting_App_VPC",
            "data.http.my_ip"
          ]
        }
      ]
    },
    {
      "mode": "managed",
      "type": "aws_security_group",
      "name": "Security_Group_for_Dashboard",
      "provider": "provider[\"registry.terraform.io/hashicorp/aws\"]",
      "instances": [
        {
          "schema_version": 1,
          "attributes": {
            "arn": "arn:aws:ec2:ap-southeast-1:290094381384:security-group/sg-026552c82830cae51",
            "description": "Security group for the dashboard allowing inbound traffic on port 22,80,443 and all outbound traffic",
            "egress": [
              {
                "cidr_blocks": [
                  "0.0.0.0/0"
                ],
                "description": "Allow all outbound traffic",
                "from_port": 0,
                "ipv6_cidr_blocks": [],
                "prefix_list_ids": [],
                "protocol": "-1",
                "security_groups": [],
                "self": false,
                "to_port": 0
              }
            ],
            "id": "sg-026552c82830cae51",
            "ingress": [
              {
                "cidr_blocks": [
                  "0.0.0.0/0"
                ],
                "description": "Dashboard HTTP from anywhere",
                "from_port": 9002,
                "ipv6_cidr_blocks": [],
                "prefix_list_ids": [],
                "protocol": "tcp",
                "security_groups": [],
                "self": false,
                "to_port": 9002
              },
              {
                "cidr_blocks": [
                  "116.89.17.84/32"
                ],
                "description": "SSH from local network",
                "from_port": 22,
                "ipv6_cidr_blocks": [],
                "prefix_list_ids": [],
                "protocol": "tcp",
                "security_groups": [],
                "self": false,
                "to_port": 22
              }
            ],
            "name": "Security_Group_for_Dashboard",
            "name_prefix": "",
            "owner_id": "290094381384",
            "region": "ap-southeast-1",
            "revoke_rules_on_delete": false,
            "tags": {
              "Name": "Security_Group_for_Dashboard"
            },
            "tags_all": {
              "Name": "Security_Group_for_Dashboard"
            },
            "timeouts": null,
            "vpc_id": "vpc-02a807e6509170e64"
          },
          "sensitive_attributes": [],
          "identity_schema_version": 0,
          "identity": {
            "account_id": "290094381384",
            "id": "sg-026552c82830cae51",
            "region": "ap-southeast-1"
          },
          "private": "eyJlMmJmYjczMC1lY2FhLTExZTYtOGY4OC0zNDM2M2JjN2M0YzAiOnsiY3JlYXRlIjo2MDAwMDAwMDAwMDAsImRlbGV0ZSI6OTAwMDAwMDAwMDAwfSwic2NoZW1hX3ZlcnNpb24iOiIxIn0=",
          "dependencies": [
            "aws_vpc.Dashboard_Counting_App_VPC",
            "data.http.my_ip"
          ]
        }
      ]
    },
    {
      "mode": "managed",
      "type": "aws_subnet",
      "name": "Private_Subnet_for_Counting",
      "provider": "provider[\"registry.terraform.io/hashicorp/aws\"]",
      "instances": [
        {
          "schema_version": 1,
          "attributes": {
            "arn": "arn:aws:ec2:ap-southeast-1:290094381384:subnet/subnet-0cd1d2e750dd79d45",
            "assign_ipv6_address_on_creation": false,
            "availability_zone": "ap-southeast-1b",
            "availability_zone_id": "apse1-az1",
            "cidr_block": "172.16.2.0/24",
            "customer_owned_ipv4_pool": "",
            "enable_dns64": false,
            "enable_lni_at_device_index": 0,
            "enable_resource_name_dns_a_record_on_launch": false,
            "enable_resource_name_dns_aaaa_record_on_launch": false,
            "id": "subnet-0cd1d2e750dd79d45",
            "ipv4_ipam_pool_id": null,
            "ipv4_netmask_length": null,
            "ipv6_cidr_block": "",
            "ipv6_cidr_block_association_id": "",
            "ipv6_ipam_pool_id": null,
            "ipv6_native": false,
            "ipv6_netmask_length": null,
            "map_customer_owned_ip_on_launch": false,
            "map_public_ip_on_launch": false,
            "outpost_arn": "",
            "owner_id": "290094381384",
            "private_dns_hostname_type_on_launch": "ip-name",
            "region": "ap-southeast-1",
            "tags": {
              "Name": "Private Subnet for Counting"
            },
            "tags_all": {
              "Name": "Private Subnet for Counting"
            },
            "timeouts": null,
            "vpc_id": "vpc-02a807e6509170e64"
          },
          "sensitive_attributes": [],
          "identity_schema_version": 0,
          "identity": {
            "account_id": "290094381384",
            "id": "subnet-0cd1d2e750dd79d45",
            "region": "ap-southeast-1"
          },
          "private": "eyJlMmJmYjczMC1lY2FhLTExZTYtOGY4OC0zNDM2M2JjN2M0YzAiOnsiY3JlYXRlIjo2MDAwMDAwMDAwMDAsImRlbGV0ZSI6MTIwMDAwMDAwMDAwMH0sInNjaGVtYV92ZXJzaW9uIjoiMSJ9",
          "dependencies": [
            "aws_vpc.Dashboard_Counting_App_VPC"
          ]
        }
      ]
    },
    {
      "mode": "managed",
      "type": "aws_subnet",
      "name": "Public_Subnet_for_Dashboard",
      "provider": "provider[\"registry.terraform.io/hashicorp/aws\"]",
      "instances": [
        {
          "schema_version": 1,
          "attributes": {
            "arn": "arn:aws:ec2:ap-southeast-1:290094381384:subnet/subnet-0de5648818b4fe2a5",
            "assign_ipv6_address_on_creation": false,
            "availability_zone": "ap-southeast-1a",
            "availability_zone_id": "apse1-az2",
            "cidr_block": "172.16.1.0/24",
            "customer_owned_ipv4_pool": "",
            "enable_dns64": false,
            "enable_lni_at_device_index": 0,
            "enable_resource_name_dns_a_record_on_launch": false,
            "enable_resource_name_dns_aaaa_record_on_launch": false,
            "id": "subnet-0de5648818b4fe2a5",
            "ipv4_ipam_pool_id": null,
            "ipv4_netmask_length": null,
            "ipv6_cidr_block": "",
            "ipv6_cidr_block_association_id": "",
            "ipv6_ipam_pool_id": null,
            "ipv6_native": false,
            "ipv6_netmask_length": null,
            "map_customer_owned_ip_on_launch": false,
            "map_public_ip_on_launch": true,
            "outpost_arn": "",
            "owner_id": "290094381384",
            "private_dns_hostname_type_on_launch": "ip-name",
            "region": "ap-southeast-1",
            "tags": {
              "Name": "Public Subnet for Dashboard"
            },
            "tags_all": {
              "Name": "Public Subnet for Dashboard"
            },
            "timeouts": null,
            "vpc_id": "vpc-02a807e6509170e64"
          },
          "sensitive_attributes": [],
          "identity_schema_version": 0,
          "identity": {
            "account_id": "290094381384",
            "id": "subnet-0de5648818b4fe2a5",
            "region": "ap-southeast-1"
          },
          "private": "eyJlMmJmYjczMC1lY2FhLTExZTYtOGY4OC0zNDM2M2JjN2M0YzAiOnsiY3JlYXRlIjo2MDAwMDAwMDAwMDAsImRlbGV0ZSI6MTIwMDAwMDAwMDAwMH0sInNjaGVtYV92ZXJzaW9uIjoiMSJ9",
          "dependencies": [
            "aws_vpc.Dashboard_Counting_App_VPC"
          ]
        }
      ]
    },
    {
      "mode": "managed",
      "type": "aws_vpc",
      "name": "Dashboard_Counting_App_VPC",
      "provider": "provider[\"registry.terraform.io/hashicorp/aws\"]",
      "instances": [
        {
          "schema_version": 1,
          "attributes": {
            "arn": "arn:aws:ec2:ap-southeast-1:290094381384:vpc/vpc-02a807e6509170e64",
            "assign_generated_ipv6_cidr_block": false,
            "cidr_block": "172.16.0.0/16",
            "default_network_acl_id": "acl-0881947a3e97a8504",
            "default_route_table_id": "rtb-0f87e3bb982ce859b",
            "default_security_group_id": "sg-04534a8a53ebc3057",
            "dhcp_options_id": "dopt-01e4078bf2b207528",
            "enable_dns_hostnames": true,
            "enable_dns_support": true,
            "enable_network_address_usage_metrics": false,
            "id": "vpc-02a807e6509170e64",
            "instance_tenancy": "default",
            "ipv4_ipam_pool_id": null,
            "ipv4_netmask_length": null,
            "ipv6_association_id": "",
            "ipv6_cidr_block": "",
            "ipv6_cidr_block_network_border_group": "",
            "ipv6_ipam_pool_id": "",
            "ipv6_netmask_length": 0,
            "main_route_table_id": "rtb-0f87e3bb982ce859b",
            "owner_id": "290094381384",
            "region": "ap-southeast-1",
            "tags": {
              "Name": "Dashboard Counting App VPC"
            },
            "tags_all": {
              "Name": "Dashboard Counting App VPC"
            }
          },
          "sensitive_attributes": [],
          "identity_schema_version": 0,
          "identity": {
            "account_id": "290094381384",
            "id": "vpc-02a807e6509170e64",
            "region": "ap-southeast-1"
          },
          "private": "eyJzY2hlbWFfdmVyc2lvbiI6IjEifQ=="
        }
      ]
    },
    {
      "mode": "managed",
      "type": "local_file",
      "name": "ssh_private_key",
      "provider": "provider[\"registry.terraform.io/hashicorp/local\"]",
      "instances": [
        {
          "schema_version": 0,
          "attributes": {
            "content": "-----BEGIN RSA PRIVATE KEY-----\nMIIJKAIBAAKCAgEAxNyE9FKGkbLz5U+ru6NKA3twfgKkPVX/gXCW9Ls0f5NyAqVZ\nNvsSx8ZcGaFlQZu+R0+f6W5QnZ9pIltECd8kCa2wjAUNbocVz+7LP+qsRu5qDM9u\nKYcAKFN8ubXJGKxnAOkfROUDX15hu8NI+oDjc2jARCD4zreJk4/+bZZrsDzsqvfE\n1jFAntIA/QJ+gvuA73MtrexXny79j/cGJ2a2pEf/iPq3uAddaMqXr/u88xCmwLNC\n09DjXWqa5BqgcsXQfFS/b2uYWx/uo63mJDiBvRhWaeDb7Hfy0rdXuWVp+XZqN6kd\n5LicSQh8w/A1ZauZNnlKqCc8/TsNwa1X+M3k73ZVrnkk4kls8vZKK30t49cQAky+\nC3xal/d/2KS6MzLEwzpPbkVCLCh3m1GupWEkJrWuK9y/oTOR6aqv/79JGw9hV5UX\nSD5716Mq3c1Gpi0fa7imd5abk2LGxfsbdmEE/78T9o6J4mh4dGoja4oh9po/juQi\n+r4Jf17XFBTYRpikAcRRnPpvoG8tRGjHXitk/Mfz02WOp2JPy/8qoZFxDy1fJFsG\nF6S1sfgk9ue9EZ2Xzr1Q4oqwgH/eNdcatIXRSUxB0YGiIdppMg7JwFbD5PNqfjUY\nlPKIQNUxSbW8JYIEsoDRU1XzgD2XC7JAPM4AwAThin1FXmVhTWGKM80sB5kCAwEA\nAQKCAgAEU6AnoBKdfalpNfhDLHYBf/7rX+Wf4WRIsLcARthl4MXiOt338QpQ4Kxy\nB09cQBTKaMJ8auR5jmQHTpL5OQYfLMnuqvsfnZo3GgQWnZuRwZ4Ae8HOmCpIhD+W\nrfKGXTt6OitBPopM6aIaw9Jwrb9JR5ZaYbOW8YFSjA2Fpe/mSoAjNETqTWwLR2DP\nUakxHNPWslZskHOx6qhFbDnkYEycMyD9WJzGCbvyLN5CSMylHzxFi7sRbvGVDemZ\nz4KkNU9jH29wUCxSZmRtBNXbcbY4FQWDL3C8ggGQw1loNYWC28BWBLPcD7N4L1yA\nRMQQCY3wv6ungCS6cc3A8ESV6UqN+1qDfbIIC057C6gIGpZpYDb+bTBfaU6iWO6Q\ndoH9SOJg/HteyZlLqHaw0ZVIdZt0JXwcY/2lIvmZqjhnpIRnsWmIbJzYSljy5+eS\nrcgZgqobv/yBH2Aj6Rks0B2Xs6IAxqcC5jeH2e6o5D3ECmca1qjjPmZXyoz7+dfc\n1uylIiWWxvZjUnLmZn55HCJWXkLtr///o+EqOxcK5BGyNhoyjLX7x591Lpr3/F8c\nbaV5azEUjBM+LT5EzifxIwWN7PeubdyFLbjHJ2iP7OxTv4Be98hs99QL2Qewp7PA\nlZ8j6p+JSetFLvjlTKEX3FcNKwlWl1qTMOuRzqqQmmIh/Qn6zQKCAQEA7SqUiUA2\nc/m7kZCyTQGuyfEdwSOEDDaxfLSfedXumUSzs1NtXcuiHDbB5g5csAJrXK8Qxd5W\n2x4ZuXCS0npwrCgVJUzzqOecR9qK6wFX9w8a51HOiSt0UixpxMu8A7yhj57SvlT8\nGV+AixB4bm6v4wlXO+fIfVGxIXUAZOLJSbJ0WZnx8JlxZS63zvaWY7JoOntBNFP+\ni04scKcrYxx8+hkUAuQQfG7SGtYXYnJ4SxlOyEnUEzU4B7QmeQ1RY/JHwoYmxGO0\nk5deuIlwbC8p+aYEAlJXoUslzSNnhUlwTkc/YQ1ngkNrZcolVf49R1yh4ZLUY/x6\nkFPP46AyasNPJQKCAQEA1H6Rtc/Zsl5CJmmPy5Y5x23gcftG9W8KYas22CBbgDJ3\n1tW+Yc2nb7MyW6P+GNtUcdx7kx+JtY2P83cOHJ7NezrGaWirNa3s5hSOJn9zvv7q\n2jqCuXp5zVhek3VzjB9jmUXnKalo6CMkkBLEKFJRZJ64O/Mugc6edw+cJzoFvsC4\n8pMqroIwSz1e1iPaRlN1lnlPQQ/CLHEfv7ihPVYjvb1e8VF67uhqOCrhyyHlLfA/\nwsiORv7ENg+yI2VJxQIhTsi+QjbBCQD8X/5cK3av9AnYKxrtzlBFhimAgCDO0COH\n6Qi+v9pRFsrgv9/+pVnVBj9RTGNod0EOiGknV/w2ZQKCAQATXUGpfzOy/nYBKaZV\nQUjrNiOuzF6QvLp7KyhGQ2Bq5UAi6THp0aGX2iS0ywFoYZowhB7DeSbwVyHUkUt7\nogGnHNK1K/ZNGTQabc6f54kuI+6XaoeJjaG+v9+W8OeWCoXKezZL0haPX8vYDu02\nXxU/XVjhDEjDarMivzHcCuRSfx6e3kHx2iV3FHxvipS26S83by7gvebvqt9YB140\nhnPx27BVmBd8gXPoOwjHwf7uas+S7OxC8Tp07pGhmqPFnFedm2R47ock8dwLBzXF\nr4gm2RZEtkJvafpZKIXgTSG9UnXrT7Pe3/BZ7EpmHg8Uz4xsJZfv3gKH3EACHude\n7jl9AoIBAQC5YBWTq9j5z1scEZk9fTe4sDVOmmyj7pP68pes4kWQx/Zd+CfXQMbi\nHk0/PwiL/MNldXhkt+218eJz/hfUhgEykOrIyGQcNzfk3GfKVAPQyqhtav/h+WPK\n7V3MfHkp87Q64Y2xfbYkVYwvGAACQRX6lrCYtCSNX4hEy9xpKCgc6hounI5uoOqq\nqMZUQADKu0Jo3Dl0w9+cT6/n3JTlYoFZpJvwICoDw8PubhJ+2HoLonytW7MrYlQf\n6X95e4JomNwf0+aO8x9h0Hda8xbLYAZN+kyYBi0RgFu2l/wfSv/A+k410Mg/rKBz\nJtf869dFvuGlSpWM82gOKTYZcMq+6is1AoIBAAj+nN8WPYshXJt5HeVf4rSqpH9x\n6DQwk5gGIiFkwYtYjPCaaVIb/grieIdpb/+WbHhUSkiwvho7r9SiFnJayr53QBvW\nxRcKqqiPpmAIrpctcHEIWOghvfdc+wE/pChLrWOX9IGrpcGpAi4lNsrm4Yz8dwzg\nlqrAD0CE8DxwQvrYGKsjIVJ9V7wIL+tDtpc8eyb3aq6iBbP46Wj6Njgla4CXrZGp\n+KreUeCC1ufw1n2v4o4BLOIrsbOCzAzjXqCiWMtfKnjMKSbC6s2kyVvEXw25CK/B\n3NO+oa2yHX9bXAvGpebvvatWsIW5W0QMQ0p500Z4N1CJ7vjfH8idmv6qhZw=\n-----END RSA PRIVATE KEY-----\n",
            "content_base64": null,
            "content_base64sha256": "0pqX3ktgtz1S4VVHgqQGIZGcZ1A7f56ePIDHLI8RSI0=",
            "content_base64sha512": "uYQder5I6l3r6NcbFJdPI7hyKkO+AyNf3rL9zoYdteh2T4wNo9/UnUBZtW9DNWRl1QQTEmh/fzsAK7u5Ihk4eQ==",
            "content_md5": "49cd5934bd9e3b4374a51e7eb97695db",
            "content_sha1": "d1917677449b823c4914d4b871a18cbcf2ca7892",
            "content_sha256": "d29a97de4b60b73d52e1554782a40621919c67503b7f9e9e3c80c72c8f11488d",
            "content_sha512": "b9841d7abe48ea5debe8d71b14974f23b8722a43be03235fdeb2fdce861db5e8764f8c0da3dfd49d4059b56f43356465d5041312687f7f3b002bbbb922193879",
            "directory_permission": "0777",
            "file_permission": "0600",
            "filename": "/home/salai/.ssh/dashboard_counting_key_pair.pem",
            "id": "d1917677449b823c4914d4b871a18cbcf2ca7892",
            "sensitive_content": null,
            "source": null
          },
          "sensitive_attributes": [
            [
              {
                "type": "get_attr",
                "value": "content"
              }
            ],
            [
              {
                "type": "get_attr",
                "value": "sensitive_content"
              }
            ]
          ],
          "identity_schema_version": 0,
          "dependencies": [
            "tls_private_key.dashboard_counting_key_pair"
          ]
        }
      ]
    },
    {
      "mode": "managed",
      "type": "tls_private_key",
      "name": "dashboard_counting_key_pair",
      "provider": "provider[\"registry.terraform.io/hashicorp/tls\"]",
      "instances": [
        {
          "schema_version": 1,
          "attributes": {
            "algorithm": "RSA",
            "ecdsa_curve": "P224",
            "id": "6d9b27e16c1aece9d2f022208c282088637a278e",
            "private_key_openssh": "-----BEGIN OPENSSH PRIVATE KEY-----\nb3BlbnNzaC1rZXktdjEAAAAABG5vbmUAAAAEbm9uZQAAAAAAAAABAAACFwAAAAdz\nc2gtcnNhAAAAAwEAAQAAAgEAxNyE9FKGkbLz5U+ru6NKA3twfgKkPVX/gXCW9Ls0\nf5NyAqVZNvsSx8ZcGaFlQZu+R0+f6W5QnZ9pIltECd8kCa2wjAUNbocVz+7LP+qs\nRu5qDM9uKYcAKFN8ubXJGKxnAOkfROUDX15hu8NI+oDjc2jARCD4zreJk4/+bZZr\nsDzsqvfE1jFAntIA/QJ+gvuA73MtrexXny79j/cGJ2a2pEf/iPq3uAddaMqXr/u8\n8xCmwLNC09DjXWqa5BqgcsXQfFS/b2uYWx/uo63mJDiBvRhWaeDb7Hfy0rdXuWVp\n+XZqN6kd5LicSQh8w/A1ZauZNnlKqCc8/TsNwa1X+M3k73ZVrnkk4kls8vZKK30t\n49cQAky+C3xal/d/2KS6MzLEwzpPbkVCLCh3m1GupWEkJrWuK9y/oTOR6aqv/79J\nGw9hV5UXSD5716Mq3c1Gpi0fa7imd5abk2LGxfsbdmEE/78T9o6J4mh4dGoja4oh\n9po/juQi+r4Jf17XFBTYRpikAcRRnPpvoG8tRGjHXitk/Mfz02WOp2JPy/8qoZFx\nDy1fJFsGF6S1sfgk9ue9EZ2Xzr1Q4oqwgH/eNdcatIXRSUxB0YGiIdppMg7JwFbD\n5PNqfjUYlPKIQNUxSbW8JYIEsoDRU1XzgD2XC7JAPM4AwAThin1FXmVhTWGKM80s\nB5kAAAc4Mv56uzL+ersAAAAHc3NoLXJzYQAAAgEAxNyE9FKGkbLz5U+ru6NKA3tw\nfgKkPVX/gXCW9Ls0f5NyAqVZNvsSx8ZcGaFlQZu+R0+f6W5QnZ9pIltECd8kCa2w\njAUNbocVz+7LP+qsRu5qDM9uKYcAKFN8ubXJGKxnAOkfROUDX15hu8NI+oDjc2jA\nRCD4zreJk4/+bZZrsDzsqvfE1jFAntIA/QJ+gvuA73MtrexXny79j/cGJ2a2pEf/\niPq3uAddaMqXr/u88xCmwLNC09DjXWqa5BqgcsXQfFS/b2uYWx/uo63mJDiBvRhW\naeDb7Hfy0rdXuWVp+XZqN6kd5LicSQh8w/A1ZauZNnlKqCc8/TsNwa1X+M3k73ZV\nrnkk4kls8vZKK30t49cQAky+C3xal/d/2KS6MzLEwzpPbkVCLCh3m1GupWEkJrWu\nK9y/oTOR6aqv/79JGw9hV5UXSD5716Mq3c1Gpi0fa7imd5abk2LGxfsbdmEE/78T\n9o6J4mh4dGoja4oh9po/juQi+r4Jf17XFBTYRpikAcRRnPpvoG8tRGjHXitk/Mfz\n02WOp2JPy/8qoZFxDy1fJFsGF6S1sfgk9ue9EZ2Xzr1Q4oqwgH/eNdcatIXRSUxB\n0YGiIdppMg7JwFbD5PNqfjUYlPKIQNUxSbW8JYIEsoDRU1XzgD2XC7JAPM4AwATh\nin1FXmVhTWGKM80sB5kAAAADAQABAAACAARToCegEp19qWk1+EMsdgF//utf5Z/h\nZEiwtwBG2GXgxeI63ffxClDgrHIHT1xAFMpownxq5HmOZAdOkvk5Bh8sye6q+x+d\nmjcaBBadm5HBngB7wc6YKkiEP5at8oZdO3o6K0E+ikzpohrD0nCtv0lHllphs5bx\ngVKMDYWl7+ZKgCM0ROpNbAtHYM9RqTEc09ayVmyQc7HqqEVsOeRgTJwzIP1YnMYJ\nu/Is3kJIzKUfPEWLuxFu8ZUN6ZnPgqQ1T2Mfb3BQLFJmZG0E1dtxtjgVBYMvcLyC\nAZDDWWg1hYLbwFYEs9wPs3gvXIBExBAJjfC/q6eAJLpxzcDwRJXpSo37WoN9sggL\nTnsLqAgalmlgNv5tMF9pTqJY7pB2gf1I4mD8e17JmUuodrDRlUh1m3QlfBxj/aUi\n+ZmqOGekhGexaYhsnNhKWPLn55KtyBmCqhu//IEfYCPpGSzQHZezogDGpwLmN4fZ\n7qjkPcQKZxrWqOM+ZlfKjPv519zW7KUiJZbG9mNScuZmfnkcIlZeQu2v//+j4So7\nFwrkEbI2GjKMtfvHn3Uumvf8XxxtpXlrMRSMEz4tPkTOJ/EjBY3s965t3IUtuMcn\naI/s7FO/gF73yGz31AvZB7Cns8CVnyPqn4lJ60Uu+OVMoRfcVw0rCVaXWpMw65HO\nqpCaYiH9CfrNAAABAAj+nN8WPYshXJt5HeVf4rSqpH9x6DQwk5gGIiFkwYtYjPCa\naVIb/grieIdpb/+WbHhUSkiwvho7r9SiFnJayr53QBvWxRcKqqiPpmAIrpctcHEI\nWOghvfdc+wE/pChLrWOX9IGrpcGpAi4lNsrm4Yz8dwzglqrAD0CE8DxwQvrYGKsj\nIVJ9V7wIL+tDtpc8eyb3aq6iBbP46Wj6Njgla4CXrZGp+KreUeCC1ufw1n2v4o4B\nLOIrsbOCzAzjXqCiWMtfKnjMKSbC6s2kyVvEXw25CK/B3NO+oa2yHX9bXAvGpebv\nvatWsIW5W0QMQ0p500Z4N1CJ7vjfH8idmv6qhZwAAAEBAO0qlIlANnP5u5GQsk0B\nrsnxHcEjhAw2sXy0n3nV7plEs7NTbV3Lohw2weYOXLACa1yvEMXeVtseGblwktJ6\ncKwoFSVM86jnnEfaiusBV/cPGudRzokrdFIsacTLvAO8oY+e0r5U/BlfgIsQeG5u\nr+MJVzvnyH1RsSF1AGTiyUmydFmZ8fCZcWUut872lmOyaDp7QTRT/otOLHCnK2Mc\nfPoZFALkEHxu0hrWF2JyeEsZTshJ1BM1OAe0JnkNUWPyR8KGJsRjtJOXXriJcGwv\nKfmmBAJSV6FLJc0jZ4VJcE5HP2ENZ4JDa2XKJVX+PUdcoeGS1GP8epBTz+OgMmrD\nTyUAAAEBANR+kbXP2bJeQiZpj8uWOcdt4HH7RvVvCmGrNtggW4Ayd9bVvmHNp2+z\nMluj/hjbVHHce5MfibWNj/N3DhyezXs6xmloqzWt7OYUjiZ/c77+6to6grl6ec1Y\nXpN1c4wfY5lF5ympaOgjJJASxChSUWSeuDvzLoHOnncPnCc6Bb7AuPKTKq6CMEs9\nXtYj2kZTdZZ5T0EPwixxH7+4oT1WI729XvFReu7oajgq4csh5S3wP8LIjkb+xDYP\nsiNlScUCIU7IvkI2wQkA/F/+XCt2r/QJ2Csa7c5QRYYpgIAgztAjh+kIvr/aURbK\n4L/f/qVZ1QY/UUxjaHdBDohpJ1f8NmUAAAAAAQID\n-----END OPENSSH PRIVATE KEY-----\n",
            "private_key_pem": "-----BEGIN RSA PRIVATE KEY-----\nMIIJKAIBAAKCAgEAxNyE9FKGkbLz5U+ru6NKA3twfgKkPVX/gXCW9Ls0f5NyAqVZ\nNvsSx8ZcGaFlQZu+R0+f6W5QnZ9pIltECd8kCa2wjAUNbocVz+7LP+qsRu5qDM9u\nKYcAKFN8ubXJGKxnAOkfROUDX15hu8NI+oDjc2jARCD4zreJk4/+bZZrsDzsqvfE\n1jFAntIA/QJ+gvuA73MtrexXny79j/cGJ2a2pEf/iPq3uAddaMqXr/u88xCmwLNC\n09DjXWqa5BqgcsXQfFS/b2uYWx/uo63mJDiBvRhWaeDb7Hfy0rdXuWVp+XZqN6kd\n5LicSQh8w/A1ZauZNnlKqCc8/TsNwa1X+M3k73ZVrnkk4kls8vZKK30t49cQAky+\nC3xal/d/2KS6MzLEwzpPbkVCLCh3m1GupWEkJrWuK9y/oTOR6aqv/79JGw9hV5UX\nSD5716Mq3c1Gpi0fa7imd5abk2LGxfsbdmEE/78T9o6J4mh4dGoja4oh9po/juQi\n+r4Jf17XFBTYRpikAcRRnPpvoG8tRGjHXitk/Mfz02WOp2JPy/8qoZFxDy1fJFsG\nF6S1sfgk9ue9EZ2Xzr1Q4oqwgH/eNdcatIXRSUxB0YGiIdppMg7JwFbD5PNqfjUY\nlPKIQNUxSbW8JYIEsoDRU1XzgD2XC7JAPM4AwAThin1FXmVhTWGKM80sB5kCAwEA\nAQKCAgAEU6AnoBKdfalpNfhDLHYBf/7rX+Wf4WRIsLcARthl4MXiOt338QpQ4Kxy\nB09cQBTKaMJ8auR5jmQHTpL5OQYfLMnuqvsfnZo3GgQWnZuRwZ4Ae8HOmCpIhD+W\nrfKGXTt6OitBPopM6aIaw9Jwrb9JR5ZaYbOW8YFSjA2Fpe/mSoAjNETqTWwLR2DP\nUakxHNPWslZskHOx6qhFbDnkYEycMyD9WJzGCbvyLN5CSMylHzxFi7sRbvGVDemZ\nz4KkNU9jH29wUCxSZmRtBNXbcbY4FQWDL3C8ggGQw1loNYWC28BWBLPcD7N4L1yA\nRMQQCY3wv6ungCS6cc3A8ESV6UqN+1qDfbIIC057C6gIGpZpYDb+bTBfaU6iWO6Q\ndoH9SOJg/HteyZlLqHaw0ZVIdZt0JXwcY/2lIvmZqjhnpIRnsWmIbJzYSljy5+eS\nrcgZgqobv/yBH2Aj6Rks0B2Xs6IAxqcC5jeH2e6o5D3ECmca1qjjPmZXyoz7+dfc\n1uylIiWWxvZjUnLmZn55HCJWXkLtr///o+EqOxcK5BGyNhoyjLX7x591Lpr3/F8c\nbaV5azEUjBM+LT5EzifxIwWN7PeubdyFLbjHJ2iP7OxTv4Be98hs99QL2Qewp7PA\nlZ8j6p+JSetFLvjlTKEX3FcNKwlWl1qTMOuRzqqQmmIh/Qn6zQKCAQEA7SqUiUA2\nc/m7kZCyTQGuyfEdwSOEDDaxfLSfedXumUSzs1NtXcuiHDbB5g5csAJrXK8Qxd5W\n2x4ZuXCS0npwrCgVJUzzqOecR9qK6wFX9w8a51HOiSt0UixpxMu8A7yhj57SvlT8\nGV+AixB4bm6v4wlXO+fIfVGxIXUAZOLJSbJ0WZnx8JlxZS63zvaWY7JoOntBNFP+\ni04scKcrYxx8+hkUAuQQfG7SGtYXYnJ4SxlOyEnUEzU4B7QmeQ1RY/JHwoYmxGO0\nk5deuIlwbC8p+aYEAlJXoUslzSNnhUlwTkc/YQ1ngkNrZcolVf49R1yh4ZLUY/x6\nkFPP46AyasNPJQKCAQEA1H6Rtc/Zsl5CJmmPy5Y5x23gcftG9W8KYas22CBbgDJ3\n1tW+Yc2nb7MyW6P+GNtUcdx7kx+JtY2P83cOHJ7NezrGaWirNa3s5hSOJn9zvv7q\n2jqCuXp5zVhek3VzjB9jmUXnKalo6CMkkBLEKFJRZJ64O/Mugc6edw+cJzoFvsC4\n8pMqroIwSz1e1iPaRlN1lnlPQQ/CLHEfv7ihPVYjvb1e8VF67uhqOCrhyyHlLfA/\nwsiORv7ENg+yI2VJxQIhTsi+QjbBCQD8X/5cK3av9AnYKxrtzlBFhimAgCDO0COH\n6Qi+v9pRFsrgv9/+pVnVBj9RTGNod0EOiGknV/w2ZQKCAQATXUGpfzOy/nYBKaZV\nQUjrNiOuzF6QvLp7KyhGQ2Bq5UAi6THp0aGX2iS0ywFoYZowhB7DeSbwVyHUkUt7\nogGnHNK1K/ZNGTQabc6f54kuI+6XaoeJjaG+v9+W8OeWCoXKezZL0haPX8vYDu02\nXxU/XVjhDEjDarMivzHcCuRSfx6e3kHx2iV3FHxvipS26S83by7gvebvqt9YB140\nhnPx27BVmBd8gXPoOwjHwf7uas+S7OxC8Tp07pGhmqPFnFedm2R47ock8dwLBzXF\nr4gm2RZEtkJvafpZKIXgTSG9UnXrT7Pe3/BZ7EpmHg8Uz4xsJZfv3gKH3EACHude\n7jl9AoIBAQC5YBWTq9j5z1scEZk9fTe4sDVOmmyj7pP68pes4kWQx/Zd+CfXQMbi\nHk0/PwiL/MNldXhkt+218eJz/hfUhgEykOrIyGQcNzfk3GfKVAPQyqhtav/h+WPK\n7V3MfHkp87Q64Y2xfbYkVYwvGAACQRX6lrCYtCSNX4hEy9xpKCgc6hounI5uoOqq\nqMZUQADKu0Jo3Dl0w9+cT6/n3JTlYoFZpJvwICoDw8PubhJ+2HoLonytW7MrYlQf\n6X95e4JomNwf0+aO8x9h0Hda8xbLYAZN+kyYBi0RgFu2l/wfSv/A+k410Mg/rKBz\nJtf869dFvuGlSpWM82gOKTYZcMq+6is1AoIBAAj+nN8WPYshXJt5HeVf4rSqpH9x\n6DQwk5gGIiFkwYtYjPCaaVIb/grieIdpb/+WbHhUSkiwvho7r9SiFnJayr53QBvW\nxRcKqqiPpmAIrpctcHEIWOghvfdc+wE/pChLrWOX9IGrpcGpAi4lNsrm4Yz8dwzg\nlqrAD0CE8DxwQvrYGKsjIVJ9V7wIL+tDtpc8eyb3aq6iBbP46Wj6Njgla4CXrZGp\n+KreUeCC1ufw1n2v4o4BLOIrsbOCzAzjXqCiWMtfKnjMKSbC6s2kyVvEXw25CK/B\n3NO+oa2yHX9bXAvGpebvvatWsIW5W0QMQ0p500Z4N1CJ7vjfH8idmv6qhZw=\n-----END RSA PRIVATE KEY-----\n",
            "private_key_pem_pkcs8": "-----BEGIN PRIVATE KEY-----\nMIIJQgIBADANBgkqhkiG9w0BAQEFAASCCSwwggkoAgEAAoICAQDE3IT0UoaRsvPl\nT6u7o0oDe3B+AqQ9Vf+BcJb0uzR/k3ICpVk2+xLHxlwZoWVBm75HT5/pblCdn2ki\nW0QJ3yQJrbCMBQ1uhxXP7ss/6qxG7moMz24phwAoU3y5tckYrGcA6R9E5QNfXmG7\nw0j6gONzaMBEIPjOt4mTj/5tlmuwPOyq98TWMUCe0gD9An6C+4Dvcy2t7FefLv2P\n9wYnZrakR/+I+re4B11oypev+7zzEKbAs0LT0ONdaprkGqByxdB8VL9va5hbH+6j\nreYkOIG9GFZp4Nvsd/LSt1e5ZWn5dmo3qR3kuJxJCHzD8DVlq5k2eUqoJzz9Ow3B\nrVf4zeTvdlWueSTiSWzy9korfS3j1xACTL4LfFqX93/YpLozMsTDOk9uRUIsKHeb\nUa6lYSQmta4r3L+hM5Hpqq//v0kbD2FXlRdIPnvXoyrdzUamLR9ruKZ3lpuTYsbF\n+xt2YQT/vxP2joniaHh0aiNriiH2mj+O5CL6vgl/XtcUFNhGmKQBxFGc+m+gby1E\naMdeK2T8x/PTZY6nYk/L/yqhkXEPLV8kWwYXpLWx+CT2570RnZfOvVDiirCAf941\n1xq0hdFJTEHRgaIh2mkyDsnAVsPk82p+NRiU8ohA1TFJtbwlggSygNFTVfOAPZcL\nskA8zgDABOGKfUVeZWFNYYozzSwHmQIDAQABAoICAARToCegEp19qWk1+EMsdgF/\n/utf5Z/hZEiwtwBG2GXgxeI63ffxClDgrHIHT1xAFMpownxq5HmOZAdOkvk5Bh8s\nye6q+x+dmjcaBBadm5HBngB7wc6YKkiEP5at8oZdO3o6K0E+ikzpohrD0nCtv0lH\nllphs5bxgVKMDYWl7+ZKgCM0ROpNbAtHYM9RqTEc09ayVmyQc7HqqEVsOeRgTJwz\nIP1YnMYJu/Is3kJIzKUfPEWLuxFu8ZUN6ZnPgqQ1T2Mfb3BQLFJmZG0E1dtxtjgV\nBYMvcLyCAZDDWWg1hYLbwFYEs9wPs3gvXIBExBAJjfC/q6eAJLpxzcDwRJXpSo37\nWoN9sggLTnsLqAgalmlgNv5tMF9pTqJY7pB2gf1I4mD8e17JmUuodrDRlUh1m3Ql\nfBxj/aUi+ZmqOGekhGexaYhsnNhKWPLn55KtyBmCqhu//IEfYCPpGSzQHZezogDG\npwLmN4fZ7qjkPcQKZxrWqOM+ZlfKjPv519zW7KUiJZbG9mNScuZmfnkcIlZeQu2v\n//+j4So7FwrkEbI2GjKMtfvHn3Uumvf8XxxtpXlrMRSMEz4tPkTOJ/EjBY3s965t\n3IUtuMcnaI/s7FO/gF73yGz31AvZB7Cns8CVnyPqn4lJ60Uu+OVMoRfcVw0rCVaX\nWpMw65HOqpCaYiH9CfrNAoIBAQDtKpSJQDZz+buRkLJNAa7J8R3BI4QMNrF8tJ95\n1e6ZRLOzU21dy6IcNsHmDlywAmtcrxDF3lbbHhm5cJLSenCsKBUlTPOo55xH2orr\nAVf3DxrnUc6JK3RSLGnEy7wDvKGPntK+VPwZX4CLEHhubq/jCVc758h9UbEhdQBk\n4slJsnRZmfHwmXFlLrfO9pZjsmg6e0E0U/6LTixwpytjHHz6GRQC5BB8btIa1hdi\ncnhLGU7ISdQTNTgHtCZ5DVFj8kfChibEY7STl164iXBsLyn5pgQCUlehSyXNI2eF\nSXBORz9hDWeCQ2tlyiVV/j1HXKHhktRj/HqQU8/joDJqw08lAoIBAQDUfpG1z9my\nXkImaY/LljnHbeBx+0b1bwphqzbYIFuAMnfW1b5hzadvszJbo/4Y21Rx3HuTH4m1\njY/zdw4cns17OsZpaKs1rezmFI4mf3O+/uraOoK5ennNWF6TdXOMH2OZRecpqWjo\nIySQEsQoUlFknrg78y6Bzp53D5wnOgW+wLjykyqugjBLPV7WI9pGU3WWeU9BD8Is\ncR+/uKE9ViO9vV7xUXru6Go4KuHLIeUt8D/CyI5G/sQ2D7IjZUnFAiFOyL5CNsEJ\nAPxf/lwrdq/0CdgrGu3OUEWGKYCAIM7QI4fpCL6/2lEWyuC/3/6lWdUGP1FMY2h3\nQQ6IaSdX/DZlAoIBABNdQal/M7L+dgEpplVBSOs2I67MXpC8unsrKEZDYGrlQCLp\nMenRoZfaJLTLAWhhmjCEHsN5JvBXIdSRS3uiAacc0rUr9k0ZNBptzp/niS4j7pdq\nh4mNob6/35bw55YKhcp7NkvSFo9fy9gO7TZfFT9dWOEMSMNqsyK/MdwK5FJ/Hp7e\nQfHaJXcUfG+KlLbpLzdvLuC95u+q31gHXjSGc/HbsFWYF3yBc+g7CMfB/u5qz5Ls\n7ELxOnTukaGao8WcV52bZHjuhyTx3AsHNcWviCbZFkS2Qm9p+lkoheBNIb1SdetP\ns97f8FnsSmYeDxTPjGwll+/eAofcQAIe517uOX0CggEBALlgFZOr2PnPWxwRmT19\nN7iwNU6abKPuk/ryl6ziRZDH9l34J9dAxuIeTT8/CIv8w2V1eGS37bXx4nP+F9SG\nATKQ6sjIZBw3N+TcZ8pUA9DKqG1q/+H5Y8rtXcx8eSnztDrhjbF9tiRVjC8YAAJB\nFfqWsJi0JI1fiETL3GkoKBzqGi6cjm6g6qqoxlRAAMq7QmjcOXTD35xPr+fclOVi\ngVmkm/AgKgPDw+5uEn7YeguifK1bsytiVB/pf3l7gmiY3B/T5o7zH2HQd1rzFstg\nBk36TJgGLRGAW7aX/B9K/8D6TjXQyD+soHMm1/zr10W+4aVKlYzzaA4pNhlwyr7q\nKzUCggEACP6c3xY9iyFcm3kd5V/itKqkf3HoNDCTmAYiIWTBi1iM8JppUhv+CuJ4\nh2lv/5ZseFRKSLC+Gjuv1KIWclrKvndAG9bFFwqqqI+mYAiuly1wcQhY6CG991z7\nAT+kKEutY5f0gaulwakCLiU2yubhjPx3DOCWqsAPQITwPHBC+tgYqyMhUn1XvAgv\n60O2lzx7JvdqrqIFs/jpaPo2OCVrgJetkan4qt5R4ILW5/DWfa/ijgEs4iuxs4LM\nDONeoKJYy18qeMwpJsLqzaTJW8RfDbkIr8Hc076hrbIdf1tcC8al5u+9q1awhblb\nRAxDSnnTRng3UInu+N8fyJ2a/qqFnA==\n-----END PRIVATE KEY-----\n",
            "public_key_fingerprint_md5": "98:ad:cd:82:bf:3c:f8:4a:3f:35:41:9e:b1:0c:2e:13",
            "public_key_fingerprint_sha256": "SHA256:n9J9si69uZv/rKemOeyoSCrSxuZdRDztxA3fSkIUUY4",
            "public_key_openssh": "ssh-rsa AAAAB3NzaC1yc2EAAAADAQABAAACAQDE3IT0UoaRsvPlT6u7o0oDe3B+AqQ9Vf+BcJb0uzR/k3ICpVk2+xLHxlwZoWVBm75HT5/pblCdn2kiW0QJ3yQJrbCMBQ1uhxXP7ss/6qxG7moMz24phwAoU3y5tckYrGcA6R9E5QNfXmG7w0j6gONzaMBEIPjOt4mTj/5tlmuwPOyq98TWMUCe0gD9An6C+4Dvcy2t7FefLv2P9wYnZrakR/+I+re4B11oypev+7zzEKbAs0LT0ONdaprkGqByxdB8VL9va5hbH+6jreYkOIG9GFZp4Nvsd/LSt1e5ZWn5dmo3qR3kuJxJCHzD8DVlq5k2eUqoJzz9Ow3BrVf4zeTvdlWueSTiSWzy9korfS3j1xACTL4LfFqX93/YpLozMsTDOk9uRUIsKHebUa6lYSQmta4r3L+hM5Hpqq//v0kbD2FXlRdIPnvXoyrdzUamLR9ruKZ3lpuTYsbF+xt2YQT/vxP2joniaHh0aiNriiH2mj+O5CL6vgl/XtcUFNhGmKQBxFGc+m+gby1EaMdeK2T8x/PTZY6nYk/L/yqhkXEPLV8kWwYXpLWx+CT2570RnZfOvVDiirCAf9411xq0hdFJTEHRgaIh2mkyDsnAVsPk82p+NRiU8ohA1TFJtbwlggSygNFTVfOAPZcLskA8zgDABOGKfUVeZWFNYYozzSwHmQ==\n",
            "public_key_pem": "-----BEGIN PUBLIC KEY-----\nMIICIjANBgkqhkiG9w0BAQEFAAOCAg8AMIICCgKCAgEAxNyE9FKGkbLz5U+ru6NK\nA3twfgKkPVX/gXCW9Ls0f5NyAqVZNvsSx8ZcGaFlQZu+R0+f6W5QnZ9pIltECd8k\nCa2wjAUNbocVz+7LP+qsRu5qDM9uKYcAKFN8ubXJGKxnAOkfROUDX15hu8NI+oDj\nc2jARCD4zreJk4/+bZZrsDzsqvfE1jFAntIA/QJ+gvuA73MtrexXny79j/cGJ2a2\npEf/iPq3uAddaMqXr/u88xCmwLNC09DjXWqa5BqgcsXQfFS/b2uYWx/uo63mJDiB\nvRhWaeDb7Hfy0rdXuWVp+XZqN6kd5LicSQh8w/A1ZauZNnlKqCc8/TsNwa1X+M3k\n73ZVrnkk4kls8vZKK30t49cQAky+C3xal/d/2KS6MzLEwzpPbkVCLCh3m1GupWEk\nJrWuK9y/oTOR6aqv/79JGw9hV5UXSD5716Mq3c1Gpi0fa7imd5abk2LGxfsbdmEE\n/78T9o6J4mh4dGoja4oh9po/juQi+r4Jf17XFBTYRpikAcRRnPpvoG8tRGjHXitk\n/Mfz02WOp2JPy/8qoZFxDy1fJFsGF6S1sfgk9ue9EZ2Xzr1Q4oqwgH/eNdcatIXR\nSUxB0YGiIdppMg7JwFbD5PNqfjUYlPKIQNUxSbW8JYIEsoDRU1XzgD2XC7JAPM4A\nwAThin1FXmVhTWGKM80sB5kCAwEAAQ==\n-----END PUBLIC KEY-----\n",
            "rsa_bits": 4096
          },
          "sensitive_attributes": [
            [
              {
                "type": "get_attr",
                "value": "private_key_openssh"
              }
            ],
            [
              {
                "type": "get_attr",
                "value": "private_key_pem"
              }
            ],
            [
              {
                "type": "get_attr",
                "value": "private_key_pem_pkcs8"
              }
            ]
          ],
          "identity_schema_version": 0
        }
      ]
    }
  ],
  "check_results": null
}
