{
  "version": 4,
  "terraform_version": "1.14.6",
  "serial": 1,
  "lineage": "affd5f09-d606-9f73-ef50-2bc5de6d9075",
  "outputs": {},
  "resources": [
    {
      "mode": "managed",
      "type": "aws_vpc",
      "name": "hellocloud",
      "provider": "provider[\"registry.terraform.io/hashicorp/aws\"]",
      "instances": [
        {
          "schema_version": 1,
          "attributes": {
            "arn": "arn:aws:ec2:ap-southeast-1:290094381384:vpc/vpc-0825939fd5089e894",
            "assign_generated_ipv6_cidr_block": false,
            "cidr_block": "10.0.0.0/16",
            "default_network_acl_id": "acl-03de069faed2616bc",
            "default_route_table_id": "rtb-007fa916c201dae09",
            "default_security_group_id": "sg-0c56e2fe79a5122ec",
            "dhcp_options_id": "dopt-01e4078bf2b207528",
            "enable_dns_hostnames": true,
            "enable_dns_support": true,
            "enable_network_address_usage_metrics": false,
            "id": "vpc-0825939fd5089e894",
            "instance_tenancy": "default",
            "ipv4_ipam_pool_id": null,
            "ipv4_netmask_length": null,
            "ipv6_association_id": "",
            "ipv6_cidr_block": "",
            "ipv6_cidr_block_network_border_group": "",
            "ipv6_ipam_pool_id": "",
            "ipv6_netmask_length": 0,
            "main_route_table_id": "rtb-007fa916c201dae09",
            "owner_id": "290094381384",
            "region": "ap-southeast-1",
            "tags": {
              "environment": "Production",
              "name": "-vpc-ap-southeast-1"
            },
            "tags_all": {
              "environment": "Production",
              "name": "-vpc-ap-southeast-1"
            }
          },
          "sensitive_attributes": [],
          "identity_schema_version": 0,
          "identity": {
            "account_id": "290094381384",
            "id": "vpc-0825939fd5089e894",
            "region": "ap-southeast-1"
          },
          "private": "eyJzY2hlbWFfdmVyc2lvbiI6IjEifQ=="
        }
      ]
    }
  ],
  "check_results": null
}
